// !$*UTF8*$!
{
	archiveVersion = 1;
	classes = {
	};
	objectVersion = 56;
	objects = {

/* Begin PBXBuildFile section */
		185FE0FDF315B81BEB7442A5 /* Pods_TaskMaster.framework in Frameworks */ = {isa = PBXBuildFile; fileRef = 88636104022C75912E86B0AE /* Pods_TaskMaster.framework */; };
		4A0206E52C9FE2DD0085B66A /* Issue-CoreDataHelper.swift in Sources */ = {isa = PBXBuildFile; fileRef = 4A0206E42C9FE2DD0085B66A /* Issue-CoreDataHelper.swift */; };
		4A0206E72C9FE3D60085B66A /* Tag-CoreDataHelpers.swift in Sources */ = {isa = PBXBuildFile; fileRef = 4A0206E62C9FE3D60085B66A /* Tag-CoreDataHelpers.swift */; };
		4A0206EB2C9FE6AF0085B66A /* IssueRow.swift in Sources */ = {isa = PBXBuildFile; fileRef = 4A0206EA2C9FE6AF0085B66A /* IssueRow.swift */; };
		4A0206ED2C9FE95C0085B66A /* NoIssueView.swift in Sources */ = {isa = PBXBuildFile; fileRef = 4A0206EC2C9FE95C0085B66A /* NoIssueView.swift */; };
		4A0206EF2C9FE9D30085B66A /* IssueView.swift in Sources */ = {isa = PBXBuildFile; fileRef = 4A0206EE2C9FE9D30085B66A /* IssueView.swift */; };
		4A0206F12CA009710085B66A /* Bundle-Decodable.swift in Sources */ = {isa = PBXBuildFile; fileRef = 4A0206F02CA009710085B66A /* Bundle-Decodable.swift */; };
		4A0206F32CA00A110085B66A /* Awards.json in Resources */ = {isa = PBXBuildFile; fileRef = 4A0206F22CA00A110085B66A /* Awards.json */; };
		4A0206F52CA00A310085B66A /* Colors.xcassets in Resources */ = {isa = PBXBuildFile; fileRef = 4A0206F42CA00A300085B66A /* Colors.xcassets */; };
		4A0206F72CA00A4C0085B66A /* Award.swift in Sources */ = {isa = PBXBuildFile; fileRef = 4A0206F62CA00A4C0085B66A /* Award.swift */; };
		4A0206F92CA00AB50085B66A /* AwardsView.swift in Sources */ = {isa = PBXBuildFile; fileRef = 4A0206F82CA00AB50085B66A /* AwardsView.swift */; };
		4A4EE1992CA1043E00821FB0 /* TaskMasterTests.swift in Sources */ = {isa = PBXBuildFile; fileRef = 4A4EE1982CA1043E00821FB0 /* TaskMasterTests.swift */; };
		4A4EE1A02CA1075300821FB0 /* AssetTest.swift in Sources */ = {isa = PBXBuildFile; fileRef = 4A4EE19F2CA1075300821FB0 /* AssetTest.swift */; };
		4A69F8672C9FBFF2004B777E /* TaskMasterApp.swift in Sources */ = {isa = PBXBuildFile; fileRef = 4A69F8662C9FBFF2004B777E /* TaskMasterApp.swift */; };
		4A69F8692C9FBFF2004B777E /* ContentView.swift in Sources */ = {isa = PBXBuildFile; fileRef = 4A69F8682C9FBFF2004B777E /* ContentView.swift */; };
		4A69F86B2C9FBFF4004B777E /* Assets.xcassets in Resources */ = {isa = PBXBuildFile; fileRef = 4A69F86A2C9FBFF4004B777E /* Assets.xcassets */; };
		4A69F86E2C9FBFF4004B777E /* Preview Assets.xcassets in Resources */ = {isa = PBXBuildFile; fileRef = 4A69F86D2C9FBFF4004B777E /* Preview Assets.xcassets */; };
		4A77D2092CA045D2002CBDC1 /* SidebarViewToolbar.swift in Sources */ = {isa = PBXBuildFile; fileRef = 4A77D2082CA045D2002CBDC1 /* SidebarViewToolbar.swift */; };
		4A77D20B2CA046EA002CBDC1 /* IssueViewToolbar.swift in Sources */ = {isa = PBXBuildFile; fileRef = 4A77D20A2CA046EA002CBDC1 /* IssueViewToolbar.swift */; };
		4A77D20D2CA04742002CBDC1 /* ContentViewToolbar.swift in Sources */ = {isa = PBXBuildFile; fileRef = 4A77D20C2CA04742002CBDC1 /* ContentViewToolbar.swift */; };
		4A77D20F2CA047B0002CBDC1 /* TagsMenuView.swift in Sources */ = {isa = PBXBuildFile; fileRef = 4A77D20E2CA047B0002CBDC1 /* TagsMenuView.swift */; };
		4A77D2112CA04892002CBDC1 /* SmartFilterRow.swift in Sources */ = {isa = PBXBuildFile; fileRef = 4A77D2102CA04892002CBDC1 /* SmartFilterRow.swift */; };
		4A77D2132CA04908002CBDC1 /* UserFilterRow.swift in Sources */ = {isa = PBXBuildFile; fileRef = 4A77D2122CA04908002CBDC1 /* UserFilterRow.swift */; };
		4ADDE5E52CA12C08005D9E12 /* TagTests.swift in Sources */ = {isa = PBXBuildFile; fileRef = 4ADDE5E42CA12C08005D9E12 /* TagTests.swift */; };
		4ADDE5E72CA12CB1005D9E12 /* AwardTests.swift in Sources */ = {isa = PBXBuildFile; fileRef = 4ADDE5E62CA12CB1005D9E12 /* AwardTests.swift */; };
		4ADDE5E92CA131B5005D9E12 /* DevelopmentTests.swift in Sources */ = {isa = PBXBuildFile; fileRef = 4ADDE5E82CA131B5005D9E12 /* DevelopmentTests.swift */; };
		4AFD2CB82C9FC3C90005B4F0 /* Main.xcdatamodeld in Sources */ = {isa = PBXBuildFile; fileRef = 4AFD2CB62C9FC3C90005B4F0 /* Main.xcdatamodeld */; };
		4AFD2CBA2C9FC5CE0005B4F0 /* DataController.swift in Sources */ = {isa = PBXBuildFile; fileRef = 4AFD2CB92C9FC5CE0005B4F0 /* DataController.swift */; };
		4AFD2CBE2C9FC8810005B4F0 /* SidebarView.swift in Sources */ = {isa = PBXBuildFile; fileRef = 4AFD2CBD2C9FC8810005B4F0 /* SidebarView.swift */; };
		4AFD2CC02C9FC8940005B4F0 /* DetailView.swift in Sources */ = {isa = PBXBuildFile; fileRef = 4AFD2CBF2C9FC8940005B4F0 /* DetailView.swift */; };
		4AFD2CC22C9FC8E50005B4F0 /* Filter.swift in Sources */ = {isa = PBXBuildFile; fileRef = 4AFD2CC12C9FC8E50005B4F0 /* Filter.swift */; };
/* End PBXBuildFile section */

/* Begin PBXContainerItemProxy section */
		4A4EE19A2CA1043E00821FB0 /* PBXContainerItemProxy */ = {
			isa = PBXContainerItemProxy;
			containerPortal = 4A69F85B2C9FBFF2004B777E /* Project object */;
			proxyType = 1;
			remoteGlobalIDString = 4A69F8622C9FBFF2004B777E;
			remoteInfo = TaskMaster;
		};
/* End PBXContainerItemProxy section */

/* Begin PBXFileReference section */
		07AD06406BF21A8344F3B11C /* Pods-TaskMaster.release.xcconfig */ = {isa = PBXFileReference; includeInIndex = 1; lastKnownFileType = text.xcconfig; name = "Pods-TaskMaster.release.xcconfig"; path = "Target Support Files/Pods-TaskMaster/Pods-TaskMaster.release.xcconfig"; sourceTree = "<group>"; };
		4349ACDEC8006843DECE5D5A /* Pods-TaskMaster.debug.xcconfig */ = {isa = PBXFileReference; includeInIndex = 1; lastKnownFileType = text.xcconfig; name = "Pods-TaskMaster.debug.xcconfig"; path = "Target Support Files/Pods-TaskMaster/Pods-TaskMaster.debug.xcconfig"; sourceTree = "<group>"; };
		4A0206E42C9FE2DD0085B66A /* Issue-CoreDataHelper.swift */ = {isa = PBXFileReference; lastKnownFileType = sourcecode.swift; path = "Issue-CoreDataHelper.swift"; sourceTree = "<group>"; };
		4A0206E62C9FE3D60085B66A /* Tag-CoreDataHelpers.swift */ = {isa = PBXFileReference; lastKnownFileType = sourcecode.swift; path = "Tag-CoreDataHelpers.swift"; sourceTree = "<group>"; };
		4A0206EA2C9FE6AF0085B66A /* IssueRow.swift */ = {isa = PBXFileReference; lastKnownFileType = sourcecode.swift; path = IssueRow.swift; sourceTree = "<group>"; };
		4A0206EC2C9FE95C0085B66A /* NoIssueView.swift */ = {isa = PBXFileReference; lastKnownFileType = sourcecode.swift; path = NoIssueView.swift; sourceTree = "<group>"; };
		4A0206EE2C9FE9D30085B66A /* IssueView.swift */ = {isa = PBXFileReference; lastKnownFileType = sourcecode.swift; path = IssueView.swift; sourceTree = "<group>"; };
		4A0206F02CA009710085B66A /* Bundle-Decodable.swift */ = {isa = PBXFileReference; lastKnownFileType = sourcecode.swift; path = "Bundle-Decodable.swift"; sourceTree = "<group>"; };
		4A0206F22CA00A110085B66A /* Awards.json */ = {isa = PBXFileReference; lastKnownFileType = text.json; path = Awards.json; sourceTree = "<group>"; };
		4A0206F42CA00A300085B66A /* Colors.xcassets */ = {isa = PBXFileReference; lastKnownFileType = folder.assetcatalog; path = Colors.xcassets; sourceTree = "<group>"; };
		4A0206F62CA00A4C0085B66A /* Award.swift */ = {isa = PBXFileReference; lastKnownFileType = sourcecode.swift; path = Award.swift; sourceTree = "<group>"; };
		4A0206F82CA00AB50085B66A /* AwardsView.swift */ = {isa = PBXFileReference; lastKnownFileType = sourcecode.swift; path = AwardsView.swift; sourceTree = "<group>"; };
		4A4EE1962CA1043E00821FB0 /* TaskMasterTests.xctest */ = {isa = PBXFileReference; explicitFileType = wrapper.cfbundle; includeInIndex = 0; path = TaskMasterTests.xctest; sourceTree = BUILT_PRODUCTS_DIR; };
		4A4EE1982CA1043E00821FB0 /* TaskMasterTests.swift */ = {isa = PBXFileReference; lastKnownFileType = sourcecode.swift; path = TaskMasterTests.swift; sourceTree = "<group>"; };
		4A4EE19F2CA1075300821FB0 /* AssetTest.swift */ = {isa = PBXFileReference; lastKnownFileType = sourcecode.swift; path = AssetTest.swift; sourceTree = "<group>"; };
		4A69F8632C9FBFF2004B777E /* TaskMaster.app */ = {isa = PBXFileReference; explicitFileType = wrapper.application; includeInIndex = 0; path = TaskMaster.app; sourceTree = BUILT_PRODUCTS_DIR; };
		4A69F8662C9FBFF2004B777E /* TaskMasterApp.swift */ = {isa = PBXFileReference; lastKnownFileType = sourcecode.swift; path = TaskMasterApp.swift; sourceTree = "<group>"; };
		4A69F8682C9FBFF2004B777E /* ContentView.swift */ = {isa = PBXFileReference; lastKnownFileType = sourcecode.swift; path = ContentView.swift; sourceTree = "<group>"; };
		4A69F86A2C9FBFF4004B777E /* Assets.xcassets */ = {isa = PBXFileReference; lastKnownFileType = folder.assetcatalog; path = Assets.xcassets; sourceTree = "<group>"; };
		4A69F86D2C9FBFF4004B777E /* Preview Assets.xcassets */ = {isa = PBXFileReference; lastKnownFileType = folder.assetcatalog; path = "Preview Assets.xcassets"; sourceTree = "<group>"; };
		4A77D2082CA045D2002CBDC1 /* SidebarViewToolbar.swift */ = {isa = PBXFileReference; lastKnownFileType = sourcecode.swift; path = SidebarViewToolbar.swift; sourceTree = "<group>"; };
		4A77D20A2CA046EA002CBDC1 /* IssueViewToolbar.swift */ = {isa = PBXFileReference; lastKnownFileType = sourcecode.swift; path = IssueViewToolbar.swift; sourceTree = "<group>"; };
		4A77D20C2CA04742002CBDC1 /* ContentViewToolbar.swift */ = {isa = PBXFileReference; lastKnownFileType = sourcecode.swift; path = ContentViewToolbar.swift; sourceTree = "<group>"; };
		4A77D20E2CA047B0002CBDC1 /* TagsMenuView.swift */ = {isa = PBXFileReference; lastKnownFileType = sourcecode.swift; path = TagsMenuView.swift; sourceTree = "<group>"; };
		4A77D2102CA04892002CBDC1 /* SmartFilterRow.swift */ = {isa = PBXFileReference; lastKnownFileType = sourcecode.swift; path = SmartFilterRow.swift; sourceTree = "<group>"; };
		4A77D2122CA04908002CBDC1 /* UserFilterRow.swift */ = {isa = PBXFileReference; lastKnownFileType = sourcecode.swift; path = UserFilterRow.swift; sourceTree = "<group>"; };
		4ADDE5E42CA12C08005D9E12 /* TagTests.swift */ = {isa = PBXFileReference; lastKnownFileType = sourcecode.swift; path = TagTests.swift; sourceTree = "<group>"; };
		4ADDE5E62CA12CB1005D9E12 /* AwardTests.swift */ = {isa = PBXFileReference; lastKnownFileType = sourcecode.swift; path = AwardTests.swift; sourceTree = "<group>"; };
		4ADDE5E82CA131B5005D9E12 /* DevelopmentTests.swift */ = {isa = PBXFileReference; lastKnownFileType = sourcecode.swift; path = DevelopmentTests.swift; sourceTree = "<group>"; };
		4AFD2CB72C9FC3C90005B4F0 /* Main.xcdatamodel */ = {isa = PBXFileReference; lastKnownFileType = wrapper.xcdatamodel; path = Main.xcdatamodel; sourceTree = "<group>"; };
		4AFD2CB92C9FC5CE0005B4F0 /* DataController.swift */ = {isa = PBXFileReference; lastKnownFileType = sourcecode.swift; path = DataController.swift; sourceTree = "<group>"; };
		4AFD2CBB2C9FC7650005B4F0 /* TaskMaster.entitlements */ = {isa = PBXFileReference; lastKnownFileType = text.plist.entitlements; path = TaskMaster.entitlements; sourceTree = "<group>"; };
		4AFD2CBC2C9FC76F0005B4F0 /* Info.plist */ = {isa = PBXFileReference; lastKnownFileType = text.plist.xml; path = Info.plist; sourceTree = "<group>"; };
		4AFD2CBD2C9FC8810005B4F0 /* SidebarView.swift */ = {isa = PBXFileReference; lastKnownFileType = sourcecode.swift; path = SidebarView.swift; sourceTree = "<group>"; };
		4AFD2CBF2C9FC8940005B4F0 /* DetailView.swift */ = {isa = PBXFileReference; lastKnownFileType = sourcecode.swift; path = DetailView.swift; sourceTree = "<group>"; };
		4AFD2CC12C9FC8E50005B4F0 /* Filter.swift */ = {isa = PBXFileReference; lastKnownFileType = sourcecode.swift; path = Filter.swift; sourceTree = "<group>"; };
		88636104022C75912E86B0AE /* Pods_TaskMaster.framework */ = {isa = PBXFileReference; explicitFileType = wrapper.framework; includeInIndex = 0; path = Pods_TaskMaster.framework; sourceTree = BUILT_PRODUCTS_DIR; };
/* End PBXFileReference section */

/* Begin PBXFrameworksBuildPhase section */
		4A4EE1932CA1043E00821FB0 /* Frameworks */ = {
			isa = PBXFrameworksBuildPhase;
			buildActionMask = 2147483647;
			files = (
			);
			runOnlyForDeploymentPostprocessing = 0;
		};
		4A69F8602C9FBFF2004B777E /* Frameworks */ = {
			isa = PBXFrameworksBuildPhase;
			buildActionMask = 2147483647;
			files = (
				185FE0FDF315B81BEB7442A5 /* Pods_TaskMaster.framework in Frameworks */,
			);
			runOnlyForDeploymentPostprocessing = 0;
		};
/* End PBXFrameworksBuildPhase section */

/* Begin PBXGroup section */
		4A4EE1972CA1043E00821FB0 /* TaskMasterTests */ = {
			isa = PBXGroup;
			children = (
				4A4EE1982CA1043E00821FB0 /* TaskMasterTests.swift */,
				4A4EE19F2CA1075300821FB0 /* AssetTest.swift */,
				4ADDE5E42CA12C08005D9E12 /* TagTests.swift */,
				4ADDE5E62CA12CB1005D9E12 /* AwardTests.swift */,
				4ADDE5E82CA131B5005D9E12 /* DevelopmentTests.swift */,
			);
			path = TaskMasterTests;
			sourceTree = "<group>";
		};
		4A69F85A2C9FBFF2004B777E = {
			isa = PBXGroup;
			children = (
				4A69F8652C9FBFF2004B777E /* TaskMaster */,
				4A4EE1972CA1043E00821FB0 /* TaskMasterTests */,
				4A69F8642C9FBFF2004B777E /* Products */,
				F5CA694B641B0013260C9F98 /* Pods */,
				8DE5BD1C45EBF83DF54A4665 /* Frameworks */,
			);
			sourceTree = "<group>";
		};
		4A69F8642C9FBFF2004B777E /* Products */ = {
			isa = PBXGroup;
			children = (
				4A69F8632C9FBFF2004B777E /* TaskMaster.app */,
				4A4EE1962CA1043E00821FB0 /* TaskMasterTests.xctest */,
			);
			name = Products;
			sourceTree = "<group>";
		};
		4A69F8652C9FBFF2004B777E /* TaskMaster */ = {
			isa = PBXGroup;
			children = (
				4A77D21C2CA05BD3002CBDC1 /* Filters */,
				4A77D21D2CA05BF2002CBDC1 /* Issues */,
				4A77D21E2CA05C0D002CBDC1 /* Editing */,
				4A77D21F2CA05C2D002CBDC1 /* Awards */,
				4A77D2192CA05AF5002CBDC1 /* Extensions */,
				4A77D21A2CA05B14002CBDC1 /* Configuration */,
				4A69F8662C9FBFF2004B777E /* TaskMasterApp.swift */,
				4AFD2CB92C9FC5CE0005B4F0 /* DataController.swift */,
				4A0206F42CA00A300085B66A /* Colors.xcassets */,
				4A69F86A2C9FBFF4004B777E /* Assets.xcassets */,
				4A69F86C2C9FBFF4004B777E /* Preview Content */,
			);
			path = TaskMaster;
			sourceTree = "<group>";
		};
		4A69F86C2C9FBFF4004B777E /* Preview Content */ = {
			isa = PBXGroup;
			children = (
				4A69F86D2C9FBFF4004B777E /* Preview Assets.xcassets */,
			);
			path = "Preview Content";
			sourceTree = "<group>";
		};
		4A77D2192CA05AF5002CBDC1 /* Extensions */ = {
			isa = PBXGroup;
			children = (
				4A0206F02CA009710085B66A /* Bundle-Decodable.swift */,
				4A0206E42C9FE2DD0085B66A /* Issue-CoreDataHelper.swift */,
				4A0206E62C9FE3D60085B66A /* Tag-CoreDataHelpers.swift */,
			);
			path = Extensions;
			sourceTree = "<group>";
		};
		4A77D21A2CA05B14002CBDC1 /* Configuration */ = {
			isa = PBXGroup;
			children = (
				4AFD2CBB2C9FC7650005B4F0 /* TaskMaster.entitlements */,
				4AFD2CBC2C9FC76F0005B4F0 /* Info.plist */,
				4AFD2CB62C9FC3C90005B4F0 /* Main.xcdatamodeld */,
			);
			path = Configuration;
			sourceTree = "<group>";
		};
		4A77D21C2CA05BD3002CBDC1 /* Filters */ = {
			isa = PBXGroup;
			children = (
				4AFD2CC12C9FC8E50005B4F0 /* Filter.swift */,
				4AFD2CBD2C9FC8810005B4F0 /* SidebarView.swift */,
				4A77D2082CA045D2002CBDC1 /* SidebarViewToolbar.swift */,
				4A77D2102CA04892002CBDC1 /* SmartFilterRow.swift */,
				4A77D2122CA04908002CBDC1 /* UserFilterRow.swift */,
			);
			path = Filters;
			sourceTree = "<group>";
		};
		4A77D21D2CA05BF2002CBDC1 /* Issues */ = {
			isa = PBXGroup;
			children = (
				4A69F8682C9FBFF2004B777E /* ContentView.swift */,
				4A77D20C2CA04742002CBDC1 /* ContentViewToolbar.swift */,
				4A0206EA2C9FE6AF0085B66A /* IssueRow.swift */,
			);
			path = Issues;
			sourceTree = "<group>";
		};
		4A77D21E2CA05C0D002CBDC1 /* Editing */ = {
			isa = PBXGroup;
			children = (
				4AFD2CBF2C9FC8940005B4F0 /* DetailView.swift */,
				4A0206EE2C9FE9D30085B66A /* IssueView.swift */,
				4A77D20A2CA046EA002CBDC1 /* IssueViewToolbar.swift */,
				4A0206EC2C9FE95C0085B66A /* NoIssueView.swift */,
				4A77D20E2CA047B0002CBDC1 /* TagsMenuView.swift */,
			);
			path = Editing;
			sourceTree = "<group>";
		};
		4A77D21F2CA05C2D002CBDC1 /* Awards */ = {
			isa = PBXGroup;
			children = (
				4A0206F82CA00AB50085B66A /* AwardsView.swift */,
				4A0206F62CA00A4C0085B66A /* Award.swift */,
				4A0206F22CA00A110085B66A /* Awards.json */,
			);
			path = Awards;
			sourceTree = "<group>";
		};
		8DE5BD1C45EBF83DF54A4665 /* Frameworks */ = {
			isa = PBXGroup;
			children = (
				88636104022C75912E86B0AE /* Pods_TaskMaster.framework */,
			);
			name = Frameworks;
			sourceTree = "<group>";
		};
		F5CA694B641B0013260C9F98 /* Pods */ = {
			isa = PBXGroup;
			children = (
				4349ACDEC8006843DECE5D5A /* Pods-TaskMaster.debug.xcconfig */,
				07AD06406BF21A8344F3B11C /* Pods-TaskMaster.release.xcconfig */,
			);
			path = Pods;
			sourceTree = "<group>";
		};
/* End PBXGroup section */

/* Begin PBXNativeTarget section */
		4A4EE1952CA1043E00821FB0 /* TaskMasterTests */ = {
			isa = PBXNativeTarget;
			buildConfigurationList = 4A4EE19E2CA1043E00821FB0 /* Build configuration list for PBXNativeTarget "TaskMasterTests" */;
			buildPhases = (
				4A4EE1922CA1043E00821FB0 /* Sources */,
				4A4EE1932CA1043E00821FB0 /* Frameworks */,
				4A4EE1942CA1043E00821FB0 /* Resources */,
			);
			buildRules = (
			);
			dependencies = (
				4A4EE19B2CA1043E00821FB0 /* PBXTargetDependency */,
			);
			name = TaskMasterTests;
			productName = TaskMasterTests;
			productReference = 4A4EE1962CA1043E00821FB0 /* TaskMasterTests.xctest */;
			productType = "com.apple.product-type.bundle.unit-test";
		};
		4A69F8622C9FBFF2004B777E /* TaskMaster */ = {
			isa = PBXNativeTarget;
			buildConfigurationList = 4A69F8712C9FBFF4004B777E /* Build configuration list for PBXNativeTarget "TaskMaster" */;
			buildPhases = (
				049BD5FD12C4DF3DB963F54B /* [CP] Check Pods Manifest.lock */,
				4A69F85F2C9FBFF2004B777E /* Sources */,
				4A69F8602C9FBFF2004B777E /* Frameworks */,
				4A69F8612C9FBFF2004B777E /* Resources */,
				4A77D2162CA051FE002CBDC1 /* ShellScript */,
			);
			buildRules = (
			);
			dependencies = (
			);
			name = TaskMaster;
			productName = TaskMaster;
			productReference = 4A69F8632C9FBFF2004B777E /* TaskMaster.app */;
			productType = "com.apple.product-type.application";
		};
/* End PBXNativeTarget section */

/* Begin PBXProject section */
		4A69F85B2C9FBFF2004B777E /* Project object */ = {
			isa = PBXProject;
			attributes = {
				BuildIndependentTargetsInParallel = 1;
				LastSwiftUpdateCheck = 1540;
				LastUpgradeCheck = 1540;
				TargetAttributes = {
					4A4EE1952CA1043E00821FB0 = {
						CreatedOnToolsVersion = 15.4;
						TestTargetID = 4A69F8622C9FBFF2004B777E;
					};
					4A69F8622C9FBFF2004B777E = {
						CreatedOnToolsVersion = 15.4;
					};
				};
			};
			buildConfigurationList = 4A69F85E2C9FBFF2004B777E /* Build configuration list for PBXProject "TaskMaster" */;
			compatibilityVersion = "Xcode 14.0";
			developmentRegion = en;
			hasScannedForEncodings = 0;
			knownRegions = (
				en,
				Base,
			);
			mainGroup = 4A69F85A2C9FBFF2004B777E;
			productRefGroup = 4A69F8642C9FBFF2004B777E /* Products */;
			projectDirPath = "";
			projectRoot = "";
			targets = (
				4A69F8622C9FBFF2004B777E /* TaskMaster */,
				4A4EE1952CA1043E00821FB0 /* TaskMasterTests */,
			);
		};
/* End PBXProject section */

/* Begin PBXResourcesBuildPhase section */
		4A4EE1942CA1043E00821FB0 /* Resources */ = {
			isa = PBXResourcesBuildPhase;
			buildActionMask = 2147483647;
			files = (
			);
			runOnlyForDeploymentPostprocessing = 0;
		};
		4A69F8612C9FBFF2004B777E /* Resources */ = {
			isa = PBXResourcesBuildPhase;
			buildActionMask = 2147483647;
			files = (
				4A69F86E2C9FBFF4004B777E /* Preview Assets.xcassets in Resources */,
				4A0206F52CA00A310085B66A /* Colors.xcassets in Resources */,
				4A0206F32CA00A110085B66A /* Awards.json in Resources */,
				4A69F86B2C9FBFF4004B777E /* Assets.xcassets in Resources */,
			);
			runOnlyForDeploymentPostprocessing = 0;
		};
/* End PBXResourcesBuildPhase section */

/* Begin PBXShellScriptBuildPhase section */
		049BD5FD12C4DF3DB963F54B /* [CP] Check Pods Manifest.lock */ = {
			isa = PBXShellScriptBuildPhase;
			buildActionMask = 2147483647;
			files = (
			);
			inputFileListPaths = (
			);
			inputPaths = (
				"${PODS_PODFILE_DIR_PATH}/Podfile.lock",
				"${PODS_ROOT}/Manifest.lock",
			);
			name = "[CP] Check Pods Manifest.lock";
			outputFileListPaths = (
			);
			outputPaths = (
				"$(DERIVED_FILE_DIR)/Pods-TaskMaster-checkManifestLockResult.txt",
			);
			runOnlyForDeploymentPostprocessing = 0;
			shellPath = /bin/sh;
			shellScript = "diff \"${PODS_PODFILE_DIR_PATH}/Podfile.lock\" \"${PODS_ROOT}/Manifest.lock\" > /dev/null\nif [ $? != 0 ] ; then\n    # print error to STDERR\n    echo \"error: The sandbox is not in sync with the Podfile.lock. Run 'pod install' or update your CocoaPods installation.\" >&2\n    exit 1\nfi\n# This output is used by Xcode 'outputs' to avoid re-running this script phase.\necho \"SUCCESS\" > \"${SCRIPT_OUTPUT_FILE_0}\"\n";
			showEnvVarsInLog = 0;
		};
		4A77D2162CA051FE002CBDC1 /* ShellScript */ = {
			isa = PBXShellScriptBuildPhase;
			buildActionMask = 2147483647;
			files = (
			);
			inputFileListPaths = (
			);
			inputPaths = (
			);
			outputFileListPaths = (
			);
			outputPaths = (
			);
			runOnlyForDeploymentPostprocessing = 0;
			shellPath = /bin/sh;
			shellScript = "# Type a script or drag a script file from your workspace to insert its path.\n# \"${PODS_ROOT}/SwiftLint/swiftlint\"\n";
		};
/* End PBXShellScriptBuildPhase section */

/* Begin PBXSourcesBuildPhase section */
		4A4EE1922CA1043E00821FB0 /* Sources */ = {
			isa = PBXSourcesBuildPhase;
			buildActionMask = 2147483647;
			files = (
				4A4EE1A02CA1075300821FB0 /* AssetTest.swift in Sources */,
				4ADDE5E72CA12CB1005D9E12 /* AwardTests.swift in Sources */,
				4ADDE5E52CA12C08005D9E12 /* TagTests.swift in Sources */,
				4A4EE1992CA1043E00821FB0 /* TaskMasterTests.swift in Sources */,
				4ADDE5E92CA131B5005D9E12 /* DevelopmentTests.swift in Sources */,
			);
			runOnlyForDeploymentPostprocessing = 0;
		};
		4A69F85F2C9FBFF2004B777E /* Sources */ = {
			isa = PBXSourcesBuildPhase;
			buildActionMask = 2147483647;
			files = (
				4AFD2CC22C9FC8E50005B4F0 /* Filter.swift in Sources */,
				4A77D20F2CA047B0002CBDC1 /* TagsMenuView.swift in Sources */,
				4A0206F72CA00A4C0085B66A /* Award.swift in Sources */,
				4A77D20B2CA046EA002CBDC1 /* IssueViewToolbar.swift in Sources */,
				4A77D2112CA04892002CBDC1 /* SmartFilterRow.swift in Sources */,
				4A0206F92CA00AB50085B66A /* AwardsView.swift in Sources */,
				4A0206E72C9FE3D60085B66A /* Tag-CoreDataHelpers.swift in Sources */,
				4A0206ED2C9FE95C0085B66A /* NoIssueView.swift in Sources */,
				4AFD2CB82C9FC3C90005B4F0 /* Main.xcdatamodeld in Sources */,
				4A0206F12CA009710085B66A /* Bundle-Decodable.swift in Sources */,
				4AFD2CC02C9FC8940005B4F0 /* DetailView.swift in Sources */,
				4AFD2CBA2C9FC5CE0005B4F0 /* DataController.swift in Sources */,
				4A77D20D2CA04742002CBDC1 /* ContentViewToolbar.swift in Sources */,
				4AFD2CBE2C9FC8810005B4F0 /* SidebarView.swift in Sources */,
				4A69F8692C9FBFF2004B777E /* ContentView.swift in Sources */,
				4A77D2092CA045D2002CBDC1 /* SidebarViewToolbar.swift in Sources */,
				4A0206E52C9FE2DD0085B66A /* Issue-CoreDataHelper.swift in Sources */,
				4A77D2132CA04908002CBDC1 /* UserFilterRow.swift in Sources */,
				4A0206EB2C9FE6AF0085B66A /* IssueRow.swift in Sources */,
				4A0206EF2C9FE9D30085B66A /* IssueView.swift in Sources */,
				4A69F8672C9FBFF2004B777E /* TaskMasterApp.swift in Sources */,
			);
			runOnlyForDeploymentPostprocessing = 0;
		};
/* End PBXSourcesBuildPhase section */

/* Begin PBXTargetDependency section */
		4A4EE19B2CA1043E00821FB0 /* PBXTargetDependency */ = {
			isa = PBXTargetDependency;
			target = 4A69F8622C9FBFF2004B777E /* TaskMaster */;
			targetProxy = 4A4EE19A2CA1043E00821FB0 /* PBXContainerItemProxy */;
		};
/* End PBXTargetDependency section */

/* Begin XCBuildConfiguration section */
		4A4EE19C2CA1043E00821FB0 /* Debug */ = {
			isa = XCBuildConfiguration;
			buildSettings = {
				BUNDLE_LOADER = "$(TEST_HOST)";
				CODE_SIGN_INJECT_BASE_ENTITLEMENTS = YES;
				CODE_SIGN_STYLE = Automatic;
				CURRENT_PROJECT_VERSION = 1;
				DEVELOPMENT_TEAM = 4J8L2WD7VW;
				GENERATE_INFOPLIST_FILE = YES;
				IPHONEOS_DEPLOYMENT_TARGET = 17.5;
				MARKETING_VERSION = 1.0;
				PRODUCT_BUNDLE_IDENTIFIER = com.asanogenki.TaskMasterTests;
				PRODUCT_NAME = "$(TARGET_NAME)";
				SWIFT_EMIT_LOC_STRINGS = NO;
				SWIFT_VERSION = 5.0;
				TARGETED_DEVICE_FAMILY = "1,2";
				TEST_HOST = "$(BUILT_PRODUCTS_DIR)/TaskMaster.app/$(BUNDLE_EXECUTABLE_FOLDER_PATH)/TaskMaster";
			};
			name = Debug;
		};
		4A4EE19D2CA1043E00821FB0 /* Release */ = {
			isa = XCBuildConfiguration;
			buildSettings = {
				BUNDLE_LOADER = "$(TEST_HOST)";
				CODE_SIGN_INJECT_BASE_ENTITLEMENTS = YES;
				CODE_SIGN_STYLE = Automatic;
				CURRENT_PROJECT_VERSION = 1;
				DEVELOPMENT_TEAM = 4J8L2WD7VW;
				GENERATE_INFOPLIST_FILE = YES;
				IPHONEOS_DEPLOYMENT_TARGET = 17.5;
				MARKETING_VERSION = 1.0;
				PRODUCT_BUNDLE_IDENTIFIER = com.asanogenki.TaskMasterTests;
				PRODUCT_NAME = "$(TARGET_NAME)";
				SWIFT_EMIT_LOC_STRINGS = NO;
				SWIFT_VERSION = 5.0;
				TARGETED_DEVICE_FAMILY = "1,2";
				TEST_HOST = "$(BUILT_PRODUCTS_DIR)/TaskMaster.app/$(BUNDLE_EXECUTABLE_FOLDER_PATH)/TaskMaster";
			};
			name = Release;
		};
		4A69F86F2C9FBFF4004B777E /* Debug */ = {
			isa = XCBuildConfiguration;
			buildSettings = {
				ALWAYS_SEARCH_USER_PATHS = NO;
				ASSETCATALOG_COMPILER_GENERATE_SWIFT_ASSET_SYMBOL_EXTENSIONS = YES;
				CLANG_ANALYZER_NONNULL = YES;
				CLANG_ANALYZER_NUMBER_OBJECT_CONVERSION = YES_AGGRESSIVE;
				CLANG_CXX_LANGUAGE_STANDARD = "gnu++20";
				CLANG_ENABLE_MODULES = YES;
				CLANG_ENABLE_OBJC_ARC = YES;
				CLANG_ENABLE_OBJC_WEAK = YES;
				CLANG_WARN_BLOCK_CAPTURE_AUTORELEASING = YES;
				CLANG_WARN_BOOL_CONVERSION = YES;
				CLANG_WARN_COMMA = YES;
				CLANG_WARN_CONSTANT_CONVERSION = YES;
				CLANG_WARN_DEPRECATED_OBJC_IMPLEMENTATIONS = YES;
				CLANG_WARN_DIRECT_OBJC_ISA_USAGE = YES_ERROR;
				CLANG_WARN_DOCUMENTATION_COMMENTS = YES;
				CLANG_WARN_EMPTY_BODY = YES;
				CLANG_WARN_ENUM_CONVERSION = YES;
				CLANG_WARN_INFINITE_RECURSION = YES;
				CLANG_WARN_INT_CONVERSION = YES;
				CLANG_WARN_NON_LITERAL_NULL_CONVERSION = YES;
				CLANG_WARN_OBJC_IMPLICIT_RETAIN_SELF = YES;
				CLANG_WARN_OBJC_LITERAL_CONVERSION = YES;
				CLANG_WARN_OBJC_ROOT_CLASS = YES_ERROR;
				CLANG_WARN_QUOTED_INCLUDE_IN_FRAMEWORK_HEADER = YES;
				CLANG_WARN_RANGE_LOOP_ANALYSIS = YES;
				CLANG_WARN_STRICT_PROTOTYPES = YES;
				CLANG_WARN_SUSPICIOUS_MOVE = YES;
				CLANG_WARN_UNGUARDED_AVAILABILITY = YES_AGGRESSIVE;
				CLANG_WARN_UNREACHABLE_CODE = YES;
				CLANG_WARN__DUPLICATE_METHOD_MATCH = YES;
				COPY_PHASE_STRIP = NO;
				DEBUG_INFORMATION_FORMAT = dwarf;
				ENABLE_STRICT_OBJC_MSGSEND = YES;
				ENABLE_TESTABILITY = YES;
				ENABLE_USER_SCRIPT_SANDBOXING = YES;
				GCC_C_LANGUAGE_STANDARD = gnu17;
				GCC_DYNAMIC_NO_PIC = NO;
				GCC_NO_COMMON_BLOCKS = YES;
				GCC_OPTIMIZATION_LEVEL = 0;
				GCC_PREPROCESSOR_DEFINITIONS = (
					"DEBUG=1",
					"$(inherited)",
				);
				GCC_WARN_64_TO_32_BIT_CONVERSION = YES;
				GCC_WARN_ABOUT_RETURN_TYPE = YES_ERROR;
				GCC_WARN_UNDECLARED_SELECTOR = YES;
				GCC_WARN_UNINITIALIZED_AUTOS = YES_AGGRESSIVE;
				GCC_WARN_UNUSED_FUNCTION = YES;
				GCC_WARN_UNUSED_VARIABLE = YES;
				IPHONEOS_DEPLOYMENT_TARGET = 16.0;
				LOCALIZATION_PREFERS_STRING_CATALOGS = YES;
				MTL_ENABLE_DEBUG_INFO = INCLUDE_SOURCE;
				MTL_FAST_MATH = YES;
				ONLY_ACTIVE_ARCH = YES;
				SDKROOT = iphoneos;
				SWIFT_ACTIVE_COMPILATION_CONDITIONS = "DEBUG $(inherited)";
				SWIFT_OPTIMIZATION_LEVEL = "-Onone";
			};
			name = Debug;
		};
		4A69F8702C9FBFF4004B777E /* Release */ = {
			isa = XCBuildConfiguration;
			buildSettings = {
				ALWAYS_SEARCH_USER_PATHS = NO;
				ASSETCATALOG_COMPILER_GENERATE_SWIFT_ASSET_SYMBOL_EXTENSIONS = YES;
				CLANG_ANALYZER_NONNULL = YES;
				CLANG_ANALYZER_NUMBER_OBJECT_CONVERSION = YES_AGGRESSIVE;
				CLANG_CXX_LANGUAGE_STANDARD = "gnu++20";
				CLANG_ENABLE_MODULES = YES;
				CLANG_ENABLE_OBJC_ARC = YES;
				CLANG_ENABLE_OBJC_WEAK = YES;
				CLANG_WARN_BLOCK_CAPTURE_AUTORELEASING = YES;
				CLANG_WARN_BOOL_CONVERSION = YES;
				CLANG_WARN_COMMA = YES;
				CLANG_WARN_CONSTANT_CONVERSION = YES;
				CLANG_WARN_DEPRECATED_OBJC_IMPLEMENTATIONS = YES;
				CLANG_WARN_DIRECT_OBJC_ISA_USAGE = YES_ERROR;
				CLANG_WARN_DOCUMENTATION_COMMENTS = YES;
				CLANG_WARN_EMPTY_BODY = YES;
				CLANG_WARN_ENUM_CONVERSION = YES;
				CLANG_WARN_INFINITE_RECURSION = YES;
				CLANG_WARN_INT_CONVERSION = YES;
				CLANG_WARN_NON_LITERAL_NULL_CONVERSION = YES;
				CLANG_WARN_OBJC_IMPLICIT_RETAIN_SELF = YES;
				CLANG_WARN_OBJC_LITERAL_CONVERSION = YES;
				CLANG_WARN_OBJC_ROOT_CLASS = YES_ERROR;
				CLANG_WARN_QUOTED_INCLUDE_IN_FRAMEWORK_HEADER = YES;
				CLANG_WARN_RANGE_LOOP_ANALYSIS = YES;
				CLANG_WARN_STRICT_PROTOTYPES = YES;
				CLANG_WARN_SUSPICIOUS_MOVE = YES;
				CLANG_WARN_UNGUARDED_AVAILABILITY = YES_AGGRESSIVE;
				CLANG_WARN_UNREACHABLE_CODE = YES;
				CLANG_WARN__DUPLICATE_METHOD_MATCH = YES;
				COPY_PHASE_STRIP = NO;
				DEBUG_INFORMATION_FORMAT = "dwarf-with-dsym";
				ENABLE_NS_ASSERTIONS = NO;
				ENABLE_STRICT_OBJC_MSGSEND = YES;
				ENABLE_USER_SCRIPT_SANDBOXING = YES;
				GCC_C_LANGUAGE_STANDARD = gnu17;
				GCC_NO_COMMON_BLOCKS = YES;
				GCC_WARN_64_TO_32_BIT_CONVERSION = YES;
				GCC_WARN_ABOUT_RETURN_TYPE = YES_ERROR;
				GCC_WARN_UNDECLARED_SELECTOR = YES;
				GCC_WARN_UNINITIALIZED_AUTOS = YES_AGGRESSIVE;
				GCC_WARN_UNUSED_FUNCTION = YES;
				GCC_WARN_UNUSED_VARIABLE = YES;
				IPHONEOS_DEPLOYMENT_TARGET = 16.0;
				LOCALIZATION_PREFERS_STRING_CATALOGS = YES;
				MTL_ENABLE_DEBUG_INFO = NO;
				MTL_FAST_MATH = YES;
				SDKROOT = iphoneos;
				SWIFT_COMPILATION_MODE = wholemodule;
				VALIDATE_PRODUCT = YES;
			};
			name = Release;
		};
		4A69F8722C9FBFF4004B777E /* Debug */ = {
			isa = XCBuildConfiguration;
			baseConfigurationReference = 4349ACDEC8006843DECE5D5A /* Pods-TaskMaster.debug.xcconfig */;
			buildSettings = {
				ASSETCATALOG_COMPILER_APPICON_NAME = AppIcon;
				ASSETCATALOG_COMPILER_GLOBAL_ACCENT_COLOR_NAME = AccentColor;
				CODE_SIGN_ENTITLEMENTS = TaskMaster/Configuration/TaskMaster.entitlements;
				CODE_SIGN_INJECT_BASE_ENTITLEMENTS = YES;
				CODE_SIGN_STYLE = Automatic;
				CURRENT_PROJECT_VERSION = 1;
				DEVELOPMENT_ASSET_PATHS = "\"TaskMaster/Preview Content\"";
				DEVELOPMENT_TEAM = 4J8L2WD7VW;
				ENABLE_PREVIEWS = YES;
				ENABLE_USER_SCRIPT_SANDBOXING = NO;
				GENERATE_INFOPLIST_FILE = YES;
				INFOPLIST_FILE = TaskMaster/Configuration/Info.plist;
				INFOPLIST_KEY_UIApplicationSceneManifest_Generation = YES;
				INFOPLIST_KEY_UIApplicationSupportsIndirectInputEvents = YES;
				INFOPLIST_KEY_UILaunchScreen_Generation = YES;
				INFOPLIST_KEY_UISupportedInterfaceOrientations_iPad = "UIInterfaceOrientationPortrait UIInterfaceOrientationPortraitUpsideDown UIInterfaceOrientationLandscapeLeft UIInterfaceOrientationLandscapeRight";
				INFOPLIST_KEY_UISupportedInterfaceOrientations_iPhone = "UIInterfaceOrientationPortrait UIInterfaceOrientationLandscapeLeft UIInterfaceOrientationLandscapeRight";
				LD_RUNPATH_SEARCH_PATHS = (
					"$(inherited)",
					"@executable_path/Frameworks",
				);
				MARKETING_VERSION = 1.0;
				PRODUCT_BUNDLE_IDENTIFIER = com.asanogenki.TaskMaster;
				PRODUCT_NAME = "$(TARGET_NAME)";
				SWIFT_EMIT_LOC_STRINGS = YES;
				SWIFT_VERSION = 5.0;
				TARGETED_DEVICE_FAMILY = "1,2";
			};
			name = Debug;
		};
		4A69F8732C9FBFF4004B777E /* Release */ = {
			isa = XCBuildConfiguration;
			baseConfigurationReference = 07AD06406BF21A8344F3B11C /* Pods-TaskMaster.release.xcconfig */;
			buildSettings = {
				ASSETCATALOG_COMPILER_APPICON_NAME = AppIcon;
				ASSETCATALOG_COMPILER_GLOBAL_ACCENT_COLOR_NAME = AccentColor;
				CODE_SIGN_ENTITLEMENTS = TaskMaster/Configuration/TaskMaster.entitlements;
				CODE_SIGN_INJECT_BASE_ENTITLEMENTS = YES;
				CODE_SIGN_STYLE = Automatic;
				CURRENT_PROJECT_VERSION = 1;
				DEVELOPMENT_ASSET_PATHS = "\"TaskMaster/Preview Content\"";
				DEVELOPMENT_TEAM = 4J8L2WD7VW;
				ENABLE_PREVIEWS = YES;
				ENABLE_USER_SCRIPT_SANDBOXING = NO;
				GENERATE_INFOPLIST_FILE = YES;
				INFOPLIST_FILE = TaskMaster/Configuration/Info.plist;
				INFOPLIST_KEY_UIApplicationSceneManifest_Generation = YES;
				INFOPLIST_KEY_UIApplicationSupportsIndirectInputEvents = YES;
				INFOPLIST_KEY_UILaunchScreen_Generation = YES;
				INFOPLIST_KEY_UISupportedInterfaceOrientations_iPad = "UIInterfaceOrientationPortrait UIInterfaceOrientationPortraitUpsideDown UIInterfaceOrientationLandscapeLeft UIInterfaceOrientationLandscapeRight";
				INFOPLIST_KEY_UISupportedInterfaceOrientations_iPhone = "UIInterfaceOrientationPortrait UIInterfaceOrientationLandscapeLeft UIInterfaceOrientationLandscapeRight";
				LD_RUNPATH_SEARCH_PATHS = (
					"$(inherited)",
					"@executable_path/Frameworks",
				);
				MARKETING_VERSION = 1.0;
				PRODUCT_BUNDLE_IDENTIFIER = com.asanogenki.TaskMaster;
				PRODUCT_NAME = "$(TARGET_NAME)";
				SWIFT_EMIT_LOC_STRINGS = YES;
				SWIFT_VERSION = 5.0;
				TARGETED_DEVICE_FAMILY = "1,2";
			};
			name = Release;
		};
/* End XCBuildConfiguration section */

/* Begin XCConfigurationList section */
		4A4EE19E2CA1043E00821FB0 /* Build configuration list for PBXNativeTarget "TaskMasterTests" */ = {
			isa = XCConfigurationList;
			buildConfigurations = (
				4A4EE19C2CA1043E00821FB0 /* Debug */,
				4A4EE19D2CA1043E00821FB0 /* Release */,
			);
			defaultConfigurationIsVisible = 0;
			defaultConfigurationName = Release;
		};
		4A69F85E2C9FBFF2004B777E /* Build configuration list for PBXProject "TaskMaster" */ = {
			isa = XCConfigurationList;
			buildConfigurations = (
				4A69F86F2C9FBFF4004B777E /* Debug */,
				4A69F8702C9FBFF4004B777E /* Release */,
			);
			defaultConfigurationIsVisible = 0;
			defaultConfigurationName = Release;
		};
		4A69F8712C9FBFF4004B777E /* Build configuration list for PBXNativeTarget "TaskMaster" */ = {
			isa = XCConfigurationList;
			buildConfigurations = (
				4A69F8722C9FBFF4004B777E /* Debug */,
				4A69F8732C9FBFF4004B777E /* Release */,
			);
			defaultConfigurationIsVisible = 0;
			defaultConfigurationName = Release;
		};
/* End XCConfigurationList section */

/* Begin XCVersionGroup section */
		4AFD2CB62C9FC3C90005B4F0 /* Main.xcdatamodeld */ = {
			isa = XCVersionGroup;
			children = (
				4AFD2CB72C9FC3C90005B4F0 /* Main.xcdatamodel */,
			);
			currentVersion = 4AFD2CB72C9FC3C90005B4F0 /* Main.xcdatamodel */;
			path = Main.xcdatamodeld;
			sourceTree = "<group>";
			versionGroupType = wrapper.xcdatamodel;
		};
/* End XCVersionGroup section */
	};
	rootObject = 4A69F85B2C9FBFF2004B777E /* Project object */;
}
