// !$*UTF8*$!
{
	archiveVersion = 1;
	classes = {
	};
	objectVersion = 70;
	objects = {

/* Begin PBXBuildFile section */
		185FE0FDF315B81BEB7442A5 /* Pods_TaskMaster.framework in Frameworks */ = {isa = PBXBuildFile; fileRef = 88636104022C75912E86B0AE /* Pods_TaskMaster.framework */; };
		4A0206E52C9FE2DD0085B66A /* Issue-CoreDataHelper.swift in Sources */ = {isa = PBXBuildFile; fileRef = 4A0206E42C9FE2DD0085B66A /* Issue-CoreDataHelper.swift */; };
		4A0206E72C9FE3D60085B66A /* Tag-CoreDataHelpers.swift in Sources */ = {isa = PBXBuildFile; fileRef = 4A0206E62C9FE3D60085B66A /* Tag-CoreDataHelpers.swift */; };
		4A0206EB2C9FE6AF0085B66A /* IssueRow.swift in Sources */ = {isa = PBXBuildFile; fileRef = 4A0206EA2C9FE6AF0085B66A /* IssueRow.swift */; };
		4A0206ED2C9FE95C0085B66A /* NoIssueView.swift in Sources */ = {isa = PBXBuildFile; fileRef = 4A0206EC2C9FE95C0085B66A /* NoIssueView.swift */; };
		4A0206EF2C9FE9D30085B66A /* IssueView.swift in Sources */ = {isa = PBXBuildFile; fileRef = 4A0206EE2C9FE9D30085B66A /* IssueView.swift */; };
		4A0206F12CA009710085B66A /* Bundle-Decodable.swift in Sources */ = {isa = PBXBuildFile; fileRef = 4A0206F02CA009710085B66A /* Bundle-Decodable.swift */; };
		4A0206F32CA00A110085B66A /* Awards.json in Resources */ = {isa = PBXBuildFile; fileRef = 4A0206F22CA00A110085B66A /* Awards.json */; };
		4A0206F52CA00A310085B66A /* Colors.xcassets in Resources */ = {isa = PBXBuildFile; fileRef = 4A0206F42CA00A300085B66A /* Colors.xcassets */; };
		4A0206F72CA00A4C0085B66A /* Award.swift in Sources */ = {isa = PBXBuildFile; fileRef = 4A0206F62CA00A4C0085B66A /* Award.swift */; };
		4A0206F92CA00AB50085B66A /* AwardsView.swift in Sources */ = {isa = PBXBuildFile; fileRef = 4A0206F82CA00AB50085B66A /* AwardsView.swift */; };
		4A3108D52CA3A1A700992817 /* SidebarViewModel.swift in Sources */ = {isa = PBXBuildFile; fileRef = 4A3108D42CA3A1A600992817 /* SidebarViewModel.swift */; };
		4A3108D72CA3A50C00992817 /* ContentViewModel.swift in Sources */ = {isa = PBXBuildFile; fileRef = 4A3108D62CA3A50C00992817 /* ContentViewModel.swift */; };
		4A3108D92CA3A5BF00992817 /* IssueRowViewModel.swift in Sources */ = {isa = PBXBuildFile; fileRef = 4A3108D82CA3A5BF00992817 /* IssueRowViewModel.swift */; };
		4A4EE1992CA1043E00821FB0 /* TaskMasterTests.swift in Sources */ = {isa = PBXBuildFile; fileRef = 4A4EE1982CA1043E00821FB0 /* TaskMasterTests.swift */; };
		4A4EE1A02CA1075300821FB0 /* AssetTest.swift in Sources */ = {isa = PBXBuildFile; fileRef = 4A4EE19F2CA1075300821FB0 /* AssetTest.swift */; };
		4A69F8672C9FBFF2004B777E /* TaskMasterApp.swift in Sources */ = {isa = PBXBuildFile; fileRef = 4A69F8662C9FBFF2004B777E /* TaskMasterApp.swift */; };
		4A69F8692C9FBFF2004B777E /* ContentView.swift in Sources */ = {isa = PBXBuildFile; fileRef = 4A69F8682C9FBFF2004B777E /* ContentView.swift */; };
		4A69F86B2C9FBFF4004B777E /* Assets.xcassets in Resources */ = {isa = PBXBuildFile; fileRef = 4A69F86A2C9FBFF4004B777E /* Assets.xcassets */; };
		4A69F86E2C9FBFF4004B777E /* Preview Assets.xcassets in Resources */ = {isa = PBXBuildFile; fileRef = 4A69F86D2C9FBFF4004B777E /* Preview Assets.xcassets */; };
		4A77D2092CA045D2002CBDC1 /* SidebarViewToolbar.swift in Sources */ = {isa = PBXBuildFile; fileRef = 4A77D2082CA045D2002CBDC1 /* SidebarViewToolbar.swift */; };
		4A77D20B2CA046EA002CBDC1 /* IssueViewToolbar.swift in Sources */ = {isa = PBXBuildFile; fileRef = 4A77D20A2CA046EA002CBDC1 /* IssueViewToolbar.swift */; };
		4A77D20D2CA04742002CBDC1 /* ContentViewToolbar.swift in Sources */ = {isa = PBXBuildFile; fileRef = 4A77D20C2CA04742002CBDC1 /* ContentViewToolbar.swift */; };
		4A77D20F2CA047B0002CBDC1 /* TagsMenuView.swift in Sources */ = {isa = PBXBuildFile; fileRef = 4A77D20E2CA047B0002CBDC1 /* TagsMenuView.swift */; };
		4A77D2112CA04892002CBDC1 /* SmartFilterRow.swift in Sources */ = {isa = PBXBuildFile; fileRef = 4A77D2102CA04892002CBDC1 /* SmartFilterRow.swift */; };
		4A77D2132CA04908002CBDC1 /* UserFilterRow.swift in Sources */ = {isa = PBXBuildFile; fileRef = 4A77D2122CA04908002CBDC1 /* UserFilterRow.swift */; };
		4AA3E28B2CA58380000F0B1B /* InlineNavigationBar.swift in Sources */ = {isa = PBXBuildFile; fileRef = 4AA3E28A2CA58380000F0B1B /* InlineNavigationBar.swift */; };
		4AA3E2912CA585C3000F0B1B /* WidgetKit.framework in Frameworks */ = {isa = PBXBuildFile; fileRef = 4AB23FFC2CA45360003C113E /* WidgetKit.framework */; };
		4AA3E2922CA585C3000F0B1B /* SwiftUI.framework in Frameworks */ = {isa = PBXBuildFile; fileRef = 4AB23FFE2CA45360003C113E /* SwiftUI.framework */; };
		4AA3E29D2CA585C4000F0B1B /* TaskMasterWidgetMacBundleExtension.appex in Embed Foundation Extensions */ = {isa = PBXBuildFile; fileRef = 4AA3E2902CA585C2000F0B1B /* TaskMasterWidgetMacBundleExtension.appex */; settings = {ATTRIBUTES = (RemoveHeadersOnCopy, ); }; };
		4AA3E2A22CA5864F000F0B1B /* Filter.swift in Sources */ = {isa = PBXBuildFile; fileRef = 4AFD2CC12C9FC8E50005B4F0 /* Filter.swift */; };
		4AA3E2A32CA586C5000F0B1B /* Tag-CoreDataHelpers.swift in Sources */ = {isa = PBXBuildFile; fileRef = 4A0206E62C9FE3D60085B66A /* Tag-CoreDataHelpers.swift */; };
		4AA3E2A42CA586C5000F0B1B /* Issue-CoreDataHelper.swift in Sources */ = {isa = PBXBuildFile; fileRef = 4A0206E42C9FE2DD0085B66A /* Issue-CoreDataHelper.swift */; };
		4AA3E2A52CA586D1000F0B1B /* Main.xcdatamodeld in Sources */ = {isa = PBXBuildFile; fileRef = 4AFD2CB62C9FC3C90005B4F0 /* Main.xcdatamodeld */; };
		4AA3E2A62CA586D6000F0B1B /* DataController.swift in Sources */ = {isa = PBXBuildFile; fileRef = 4AFD2CB92C9FC5CE0005B4F0 /* DataController.swift */; };
		4AA3E2A72CA586E3000F0B1B /* DataController-StoreKit.swift in Sources */ = {isa = PBXBuildFile; fileRef = 4AB23FEE2CA441D4003C113E /* DataController-StoreKit.swift */; };
		4AA3E2AE2CA58944000F0B1B /* MacFrame.swift in Sources */ = {isa = PBXBuildFile; fileRef = 4AA3E2AD2CA58944000F0B1B /* MacFrame.swift */; };
		4AB23FEB2CA43D52003C113E /* DataController-Notifications.swift in Sources */ = {isa = PBXBuildFile; fileRef = 4AB23FEA2CA43D52003C113E /* DataController-Notifications.swift */; };
		4AB23FED2CA440E7003C113E /* Configuration.storekit in Resources */ = {isa = PBXBuildFile; fileRef = 4AB23FEC2CA440E7003C113E /* Configuration.storekit */; };
		4AB23FEF2CA441D4003C113E /* DataController-StoreKit.swift in Sources */ = {isa = PBXBuildFile; fileRef = 4AB23FEE2CA441D4003C113E /* DataController-StoreKit.swift */; };
		4AB23FF22CA443E4003C113E /* StoreView.swift in Sources */ = {isa = PBXBuildFile; fileRef = 4AB23FF12CA443E4003C113E /* StoreView.swift */; };
		4AB23FF42CA44EB5003C113E /* AppDelegate.swift in Sources */ = {isa = PBXBuildFile; fileRef = 4AB23FF32CA44EB5003C113E /* AppDelegate.swift */; };
		4AB23FF62CA44EBC003C113E /* SceneDelegate.swift in Sources */ = {isa = PBXBuildFile; fileRef = 4AB23FF52CA44EBC003C113E /* SceneDelegate.swift */; };
		4AB23FFD2CA45360003C113E /* WidgetKit.framework in Frameworks */ = {isa = PBXBuildFile; fileRef = 4AB23FFC2CA45360003C113E /* WidgetKit.framework */; };
		4AB23FFF2CA45360003C113E /* SwiftUI.framework in Frameworks */ = {isa = PBXBuildFile; fileRef = 4AB23FFE2CA45360003C113E /* SwiftUI.framework */; };
		4AB2400E2CA45362003C113E /* TaskMasterWidgetExtension.appex in Embed Foundation Extensions */ = {isa = PBXBuildFile; fileRef = 4AB23FFB2CA4535F003C113E /* TaskMasterWidgetExtension.appex */; settings = {ATTRIBUTES = (RemoveHeadersOnCopy, ); }; };
		4AB240142CA453EB003C113E /* Main.xcdatamodeld in Sources */ = {isa = PBXBuildFile; fileRef = 4AFD2CB62C9FC3C90005B4F0 /* Main.xcdatamodeld */; };
		4AB240152CA453F9003C113E /* DataController.swift in Sources */ = {isa = PBXBuildFile; fileRef = 4AFD2CB92C9FC5CE0005B4F0 /* DataController.swift */; };
		4AB240162CA45408003C113E /* Tag-CoreDataHelpers.swift in Sources */ = {isa = PBXBuildFile; fileRef = 4A0206E62C9FE3D60085B66A /* Tag-CoreDataHelpers.swift */; };
		4AB240172CA45408003C113E /* Issue-CoreDataHelper.swift in Sources */ = {isa = PBXBuildFile; fileRef = 4A0206E42C9FE2DD0085B66A /* Issue-CoreDataHelper.swift */; };
		4AB240182CA45431003C113E /* Filter.swift in Sources */ = {isa = PBXBuildFile; fileRef = 4AFD2CC12C9FC8E50005B4F0 /* Filter.swift */; };
		4AB2401A2CA4545E003C113E /* Bundle-Decodable.swift in Sources */ = {isa = PBXBuildFile; fileRef = 4A0206F02CA009710085B66A /* Bundle-Decodable.swift */; };
		4AB2401B2CA45479003C113E /* DataController-StoreKit.swift in Sources */ = {isa = PBXBuildFile; fileRef = 4AB23FEE2CA441D4003C113E /* DataController-StoreKit.swift */; };
		4AB2401D2CA454BB003C113E /* DataController-Awards.swift in Sources */ = {isa = PBXBuildFile; fileRef = 4AB2401C2CA454BA003C113E /* DataController-Awards.swift */; };
		4AD8BBF52CA13C0D00EC9261 /* TaskMasterUITests.swift in Sources */ = {isa = PBXBuildFile; fileRef = 4AD8BBF42CA13C0D00EC9261 /* TaskMasterUITests.swift */; };
		4AD8BBF72CA13C0D00EC9261 /* TaskMasterUITestsLaunchTests.swift in Sources */ = {isa = PBXBuildFile; fileRef = 4AD8BBF62CA13C0D00EC9261 /* TaskMasterUITestsLaunchTests.swift */; };
		4ADDE5E52CA12C08005D9E12 /* TagTests.swift in Sources */ = {isa = PBXBuildFile; fileRef = 4ADDE5E42CA12C08005D9E12 /* TagTests.swift */; };
		4ADDE5E72CA12CB1005D9E12 /* AwardTests.swift in Sources */ = {isa = PBXBuildFile; fileRef = 4ADDE5E62CA12CB1005D9E12 /* AwardTests.swift */; };
		4ADDE5E92CA131B5005D9E12 /* DevelopmentTests.swift in Sources */ = {isa = PBXBuildFile; fileRef = 4ADDE5E82CA131B5005D9E12 /* DevelopmentTests.swift */; };
		4ADDE5EB2CA133D7005D9E12 /* ExtensionTests.swift in Sources */ = {isa = PBXBuildFile; fileRef = 4ADDE5EA2CA133D7005D9E12 /* ExtensionTests.swift */; };
		4ADDE5EE2CA137EF005D9E12 /* DecodableDictionary.json in Resources */ = {isa = PBXBuildFile; fileRef = 4ADDE5ED2CA137EF005D9E12 /* DecodableDictionary.json */; };
		4ADDE5F02CA13802005D9E12 /* DecodableString.json in Resources */ = {isa = PBXBuildFile; fileRef = 4ADDE5EF2CA13802005D9E12 /* DecodableString.json */; };
		4ADDE5F22CA13A1B005D9E12 /* PerformanceTests.swift in Sources */ = {isa = PBXBuildFile; fileRef = 4ADDE5F12CA13A1B005D9E12 /* PerformanceTests.swift */; };
		4AFD2CB82C9FC3C90005B4F0 /* Main.xcdatamodeld in Sources */ = {isa = PBXBuildFile; fileRef = 4AFD2CB62C9FC3C90005B4F0 /* Main.xcdatamodeld */; };
		4AFD2CBA2C9FC5CE0005B4F0 /* DataController.swift in Sources */ = {isa = PBXBuildFile; fileRef = 4AFD2CB92C9FC5CE0005B4F0 /* DataController.swift */; };
		4AFD2CBE2C9FC8810005B4F0 /* SidebarView.swift in Sources */ = {isa = PBXBuildFile; fileRef = 4AFD2CBD2C9FC8810005B4F0 /* SidebarView.swift */; };
		4AFD2CC02C9FC8940005B4F0 /* DetailView.swift in Sources */ = {isa = PBXBuildFile; fileRef = 4AFD2CBF2C9FC8940005B4F0 /* DetailView.swift */; };
		4AFD2CC22C9FC8E50005B4F0 /* Filter.swift in Sources */ = {isa = PBXBuildFile; fileRef = 4AFD2CC12C9FC8E50005B4F0 /* Filter.swift */; };
/* End PBXBuildFile section */

/* Begin PBXContainerItemProxy section */
		4A4EE19A2CA1043E00821FB0 /* PBXContainerItemProxy */ = {
			isa = PBXContainerItemProxy;
			containerPortal = 4A69F85B2C9FBFF2004B777E /* Project object */;
			proxyType = 1;
			remoteGlobalIDString = 4A69F8622C9FBFF2004B777E;
			remoteInfo = TaskMaster;
		};
		4AA3E29B2CA585C4000F0B1B /* PBXContainerItemProxy */ = {
			isa = PBXContainerItemProxy;
			containerPortal = 4A69F85B2C9FBFF2004B777E /* Project object */;
			proxyType = 1;
			remoteGlobalIDString = 4AA3E28F2CA585C2000F0B1B;
			remoteInfo = TaskMasterWidgetMacBundleExtension;
		};
		4AB2400C2CA45362003C113E /* PBXContainerItemProxy */ = {
			isa = PBXContainerItemProxy;
			containerPortal = 4A69F85B2C9FBFF2004B777E /* Project object */;
			proxyType = 1;
			remoteGlobalIDString = 4AB23FFA2CA4535F003C113E;
			remoteInfo = TaskMasterWidgetExtension;
		};
		4AD8BBF82CA13C0D00EC9261 /* PBXContainerItemProxy */ = {
			isa = PBXContainerItemProxy;
			containerPortal = 4A69F85B2C9FBFF2004B777E /* Project object */;
			proxyType = 1;
			remoteGlobalIDString = 4A69F8622C9FBFF2004B777E;
			remoteInfo = TaskMaster;
		};
/* End PBXContainerItemProxy section */

/* Begin PBXCopyFilesBuildPhase section */
		4AB240132CA45362003C113E /* Embed Foundation Extensions */ = {
			isa = PBXCopyFilesBuildPhase;
			buildActionMask = 2147483647;
			dstPath = "";
			dstSubfolderSpec = 13;
			files = (
				4AB2400E2CA45362003C113E /* TaskMasterWidgetExtension.appex in Embed Foundation Extensions */,
				4AA3E29D2CA585C4000F0B1B /* TaskMasterWidgetMacBundleExtension.appex in Embed Foundation Extensions */,
			);
			name = "Embed Foundation Extensions";
			runOnlyForDeploymentPostprocessing = 0;
		};
/* End PBXCopyFilesBuildPhase section */

/* Begin PBXFileReference section */
		07AD06406BF21A8344F3B11C /* Pods-TaskMaster.release.xcconfig */ = {isa = PBXFileReference; includeInIndex = 1; lastKnownFileType = text.xcconfig; name = "Pods-TaskMaster.release.xcconfig"; path = "Target Support Files/Pods-TaskMaster/Pods-TaskMaster.release.xcconfig"; sourceTree = "<group>"; };
		4349ACDEC8006843DECE5D5A /* Pods-TaskMaster.debug.xcconfig */ = {isa = PBXFileReference; includeInIndex = 1; lastKnownFileType = text.xcconfig; name = "Pods-TaskMaster.debug.xcconfig"; path = "Target Support Files/Pods-TaskMaster/Pods-TaskMaster.debug.xcconfig"; sourceTree = "<group>"; };
		4A0206E42C9FE2DD0085B66A /* Issue-CoreDataHelper.swift */ = {isa = PBXFileReference; lastKnownFileType = sourcecode.swift; path = "Issue-CoreDataHelper.swift"; sourceTree = "<group>"; };
		4A0206E62C9FE3D60085B66A /* Tag-CoreDataHelpers.swift */ = {isa = PBXFileReference; lastKnownFileType = sourcecode.swift; path = "Tag-CoreDataHelpers.swift"; sourceTree = "<group>"; };
		4A0206EA2C9FE6AF0085B66A /* IssueRow.swift */ = {isa = PBXFileReference; lastKnownFileType = sourcecode.swift; path = IssueRow.swift; sourceTree = "<group>"; };
		4A0206EC2C9FE95C0085B66A /* NoIssueView.swift */ = {isa = PBXFileReference; lastKnownFileType = sourcecode.swift; path = NoIssueView.swift; sourceTree = "<group>"; };
		4A0206EE2C9FE9D30085B66A /* IssueView.swift */ = {isa = PBXFileReference; lastKnownFileType = sourcecode.swift; path = IssueView.swift; sourceTree = "<group>"; };
		4A0206F02CA009710085B66A /* Bundle-Decodable.swift */ = {isa = PBXFileReference; lastKnownFileType = sourcecode.swift; path = "Bundle-Decodable.swift"; sourceTree = "<group>"; };
		4A0206F22CA00A110085B66A /* Awards.json */ = {isa = PBXFileReference; lastKnownFileType = text.json; path = Awards.json; sourceTree = "<group>"; };
		4A0206F42CA00A300085B66A /* Colors.xcassets */ = {isa = PBXFileReference; lastKnownFileType = folder.assetcatalog; path = Colors.xcassets; sourceTree = "<group>"; };
		4A0206F62CA00A4C0085B66A /* Award.swift */ = {isa = PBXFileReference; lastKnownFileType = sourcecode.swift; path = Award.swift; sourceTree = "<group>"; };
		4A0206F82CA00AB50085B66A /* AwardsView.swift */ = {isa = PBXFileReference; lastKnownFileType = sourcecode.swift; path = AwardsView.swift; sourceTree = "<group>"; };
		4A3108D42CA3A1A600992817 /* SidebarViewModel.swift */ = {isa = PBXFileReference; lastKnownFileType = sourcecode.swift; path = SidebarViewModel.swift; sourceTree = "<group>"; };
		4A3108D62CA3A50C00992817 /* ContentViewModel.swift */ = {isa = PBXFileReference; lastKnownFileType = sourcecode.swift; path = ContentViewModel.swift; sourceTree = "<group>"; };
		4A3108D82CA3A5BF00992817 /* IssueRowViewModel.swift */ = {isa = PBXFileReference; lastKnownFileType = sourcecode.swift; path = IssueRowViewModel.swift; sourceTree = "<group>"; };
		4A4EE1962CA1043E00821FB0 /* TaskMasterTests.xctest */ = {isa = PBXFileReference; explicitFileType = wrapper.cfbundle; includeInIndex = 0; path = TaskMasterTests.xctest; sourceTree = BUILT_PRODUCTS_DIR; };
		4A4EE1982CA1043E00821FB0 /* TaskMasterTests.swift */ = {isa = PBXFileReference; lastKnownFileType = sourcecode.swift; path = TaskMasterTests.swift; sourceTree = "<group>"; };
		4A4EE19F2CA1075300821FB0 /* AssetTest.swift */ = {isa = PBXFileReference; lastKnownFileType = sourcecode.swift; path = AssetTest.swift; sourceTree = "<group>"; };
		4A69F8632C9FBFF2004B777E /* TaskMaster.app */ = {isa = PBXFileReference; explicitFileType = wrapper.application; includeInIndex = 0; path = TaskMaster.app; sourceTree = BUILT_PRODUCTS_DIR; };
		4A69F8662C9FBFF2004B777E /* TaskMasterApp.swift */ = {isa = PBXFileReference; lastKnownFileType = sourcecode.swift; path = TaskMasterApp.swift; sourceTree = "<group>"; };
		4A69F8682C9FBFF2004B777E /* ContentView.swift */ = {isa = PBXFileReference; lastKnownFileType = sourcecode.swift; path = ContentView.swift; sourceTree = "<group>"; };
		4A69F86A2C9FBFF4004B777E /* Assets.xcassets */ = {isa = PBXFileReference; lastKnownFileType = folder.assetcatalog; path = Assets.xcassets; sourceTree = "<group>"; };
		4A69F86D2C9FBFF4004B777E /* Preview Assets.xcassets */ = {isa = PBXFileReference; lastKnownFileType = folder.assetcatalog; path = "Preview Assets.xcassets"; sourceTree = "<group>"; };
		4A77D2082CA045D2002CBDC1 /* SidebarViewToolbar.swift */ = {isa = PBXFileReference; lastKnownFileType = sourcecode.swift; path = SidebarViewToolbar.swift; sourceTree = "<group>"; };
		4A77D20A2CA046EA002CBDC1 /* IssueViewToolbar.swift */ = {isa = PBXFileReference; lastKnownFileType = sourcecode.swift; path = IssueViewToolbar.swift; sourceTree = "<group>"; };
		4A77D20C2CA04742002CBDC1 /* ContentViewToolbar.swift */ = {isa = PBXFileReference; lastKnownFileType = sourcecode.swift; path = ContentViewToolbar.swift; sourceTree = "<group>"; };
		4A77D20E2CA047B0002CBDC1 /* TagsMenuView.swift */ = {isa = PBXFileReference; lastKnownFileType = sourcecode.swift; path = TagsMenuView.swift; sourceTree = "<group>"; };
		4A77D2102CA04892002CBDC1 /* SmartFilterRow.swift */ = {isa = PBXFileReference; lastKnownFileType = sourcecode.swift; path = SmartFilterRow.swift; sourceTree = "<group>"; };
		4A77D2122CA04908002CBDC1 /* UserFilterRow.swift */ = {isa = PBXFileReference; lastKnownFileType = sourcecode.swift; path = UserFilterRow.swift; sourceTree = "<group>"; };
		4AA3E28A2CA58380000F0B1B /* InlineNavigationBar.swift */ = {isa = PBXFileReference; lastKnownFileType = sourcecode.swift; path = InlineNavigationBar.swift; sourceTree = "<group>"; };
		4AA3E2902CA585C2000F0B1B /* TaskMasterWidgetMacBundleExtension.appex */ = {isa = PBXFileReference; explicitFileType = "wrapper.app-extension"; includeInIndex = 0; path = TaskMasterWidgetMacBundleExtension.appex; sourceTree = BUILT_PRODUCTS_DIR; };
		4AA3E2AC2CA58741000F0B1B /* TaskMasterWidgetMacBundleExtension.entitlements */ = {isa = PBXFileReference; lastKnownFileType = text.plist.entitlements; path = TaskMasterWidgetMacBundleExtension.entitlements; sourceTree = "<group>"; };
		4AA3E2AD2CA58944000F0B1B /* MacFrame.swift */ = {isa = PBXFileReference; lastKnownFileType = sourcecode.swift; path = MacFrame.swift; sourceTree = "<group>"; };
		4AB23FEA2CA43D52003C113E /* DataController-Notifications.swift */ = {isa = PBXFileReference; lastKnownFileType = sourcecode.swift; path = "DataController-Notifications.swift"; sourceTree = "<group>"; };
		4AB23FEC2CA440E7003C113E /* Configuration.storekit */ = {isa = PBXFileReference; lastKnownFileType = text; path = Configuration.storekit; sourceTree = "<group>"; };
		4AB23FEE2CA441D4003C113E /* DataController-StoreKit.swift */ = {isa = PBXFileReference; lastKnownFileType = sourcecode.swift; path = "DataController-StoreKit.swift"; sourceTree = "<group>"; };
		4AB23FF12CA443E4003C113E /* StoreView.swift */ = {isa = PBXFileReference; lastKnownFileType = sourcecode.swift; path = StoreView.swift; sourceTree = "<group>"; };
		4AB23FF32CA44EB5003C113E /* AppDelegate.swift */ = {isa = PBXFileReference; lastKnownFileType = sourcecode.swift; path = AppDelegate.swift; sourceTree = "<group>"; };
		4AB23FF52CA44EBC003C113E /* SceneDelegate.swift */ = {isa = PBXFileReference; lastKnownFileType = sourcecode.swift; path = SceneDelegate.swift; sourceTree = "<group>"; };
		4AB23FFB2CA4535F003C113E /* TaskMasterWidgetExtension.appex */ = {isa = PBXFileReference; explicitFileType = "wrapper.app-extension"; includeInIndex = 0; path = TaskMasterWidgetExtension.appex; sourceTree = BUILT_PRODUCTS_DIR; };
		4AB23FFC2CA45360003C113E /* WidgetKit.framework */ = {isa = PBXFileReference; lastKnownFileType = wrapper.framework; name = WidgetKit.framework; path = System/Library/Frameworks/WidgetKit.framework; sourceTree = SDKROOT; };
		4AB23FFE2CA45360003C113E /* SwiftUI.framework */ = {isa = PBXFileReference; lastKnownFileType = wrapper.framework; name = SwiftUI.framework; path = System/Library/Frameworks/SwiftUI.framework; sourceTree = SDKROOT; };
		4AB2401C2CA454BA003C113E /* DataController-Awards.swift */ = {isa = PBXFileReference; lastKnownFileType = sourcecode.swift; path = "DataController-Awards.swift"; sourceTree = "<group>"; };
		4AB2401E2CA45582003C113E /* TaskMasterWidgetExtension.entitlements */ = {isa = PBXFileReference; lastKnownFileType = text.plist.entitlements; path = TaskMasterWidgetExtension.entitlements; sourceTree = "<group>"; };
		4AD8BBF22CA13C0D00EC9261 /* TaskMasterUITests.xctest */ = {isa = PBXFileReference; explicitFileType = wrapper.cfbundle; includeInIndex = 0; path = TaskMasterUITests.xctest; sourceTree = BUILT_PRODUCTS_DIR; };
		4AD8BBF42CA13C0D00EC9261 /* TaskMasterUITests.swift */ = {isa = PBXFileReference; lastKnownFileType = sourcecode.swift; path = TaskMasterUITests.swift; sourceTree = "<group>"; };
		4AD8BBF62CA13C0D00EC9261 /* TaskMasterUITestsLaunchTests.swift */ = {isa = PBXFileReference; lastKnownFileType = sourcecode.swift; path = TaskMasterUITestsLaunchTests.swift; sourceTree = "<group>"; };
		4ADDE5E42CA12C08005D9E12 /* TagTests.swift */ = {isa = PBXFileReference; lastKnownFileType = sourcecode.swift; path = TagTests.swift; sourceTree = "<group>"; };
		4ADDE5E62CA12CB1005D9E12 /* AwardTests.swift */ = {isa = PBXFileReference; lastKnownFileType = sourcecode.swift; path = AwardTests.swift; sourceTree = "<group>"; };
		4ADDE5E82CA131B5005D9E12 /* DevelopmentTests.swift */ = {isa = PBXFileReference; lastKnownFileType = sourcecode.swift; path = DevelopmentTests.swift; sourceTree = "<group>"; };
		4ADDE5EA2CA133D7005D9E12 /* ExtensionTests.swift */ = {isa = PBXFileReference; lastKnownFileType = sourcecode.swift; path = ExtensionTests.swift; sourceTree = "<group>"; };
		4ADDE5ED2CA137EF005D9E12 /* DecodableDictionary.json */ = {isa = PBXFileReference; lastKnownFileType = text.json; path = DecodableDictionary.json; sourceTree = "<group>"; };
		4ADDE5EF2CA13802005D9E12 /* DecodableString.json */ = {isa = PBXFileReference; lastKnownFileType = text.json; path = DecodableString.json; sourceTree = "<group>"; };
		4ADDE5F12CA13A1B005D9E12 /* PerformanceTests.swift */ = {isa = PBXFileReference; lastKnownFileType = sourcecode.swift; path = PerformanceTests.swift; sourceTree = "<group>"; };
		4AFD2CB72C9FC3C90005B4F0 /* Main.xcdatamodel */ = {isa = PBXFileReference; lastKnownFileType = wrapper.xcdatamodel; path = Main.xcdatamodel; sourceTree = "<group>"; };
		4AFD2CB92C9FC5CE0005B4F0 /* DataController.swift */ = {isa = PBXFileReference; lastKnownFileType = sourcecode.swift; path = DataController.swift; sourceTree = "<group>"; };
		4AFD2CBB2C9FC7650005B4F0 /* TaskMaster.entitlements */ = {isa = PBXFileReference; lastKnownFileType = text.plist.entitlements; path = TaskMaster.entitlements; sourceTree = "<group>"; };
		4AFD2CBC2C9FC76F0005B4F0 /* Info.plist */ = {isa = PBXFileReference; lastKnownFileType = text.plist.xml; path = Info.plist; sourceTree = "<group>"; };
		4AFD2CBD2C9FC8810005B4F0 /* SidebarView.swift */ = {isa = PBXFileReference; lastKnownFileType = sourcecode.swift; path = SidebarView.swift; sourceTree = "<group>"; };
		4AFD2CBF2C9FC8940005B4F0 /* DetailView.swift */ = {isa = PBXFileReference; lastKnownFileType = sourcecode.swift; path = DetailView.swift; sourceTree = "<group>"; };
		4AFD2CC12C9FC8E50005B4F0 /* Filter.swift */ = {isa = PBXFileReference; lastKnownFileType = sourcecode.swift; path = Filter.swift; sourceTree = "<group>"; };
		88636104022C75912E86B0AE /* Pods_TaskMaster.framework */ = {isa = PBXFileReference; explicitFileType = wrapper.framework; includeInIndex = 0; path = Pods_TaskMaster.framework; sourceTree = BUILT_PRODUCTS_DIR; };
/* End PBXFileReference section */

/* Begin PBXFileSystemSynchronizedBuildFileExceptionSet section */
		4AA3E29E2CA585C5000F0B1B /* PBXFileSystemSynchronizedBuildFileExceptionSet */ = {
			isa = PBXFileSystemSynchronizedBuildFileExceptionSet;
			membershipExceptions = (
				Info.plist,
			);
			target = 4AA3E28F2CA585C2000F0B1B /* TaskMasterWidgetMacBundleExtension */;
		};
		4AA3E2A92CA586E9000F0B1B /* PBXFileSystemSynchronizedBuildFileExceptionSet */ = {
			isa = PBXFileSystemSynchronizedBuildFileExceptionSet;
			membershipExceptions = (
				ComplexTaskMasterWidget.swift,
				SimpleTaskMasterWidget.swift,
				TaskMasterWidgetBundle.swift,
			);
			target = 4AA3E28F2CA585C2000F0B1B /* TaskMasterWidgetMacBundleExtension */;
		};
		4AB2400F2CA45362003C113E /* PBXFileSystemSynchronizedBuildFileExceptionSet */ = {
			isa = PBXFileSystemSynchronizedBuildFileExceptionSet;
			membershipExceptions = (
				Info.plist,
			);
			target = 4AB23FFA2CA4535F003C113E /* TaskMasterWidgetExtension */;
		};
/* End PBXFileSystemSynchronizedBuildFileExceptionSet section */

/* Begin PBXFileSystemSynchronizedRootGroup section */
		4AA3E2932CA585C3000F0B1B /* TaskMasterWidgetMacBundle */ = {isa = PBXFileSystemSynchronizedRootGroup; exceptions = (4AA3E29E2CA585C5000F0B1B /* PBXFileSystemSynchronizedBuildFileExceptionSet */, ); explicitFileTypes = {}; explicitFolders = (); path = TaskMasterWidgetMacBundle; sourceTree = "<group>"; };
		4AB240002CA45360003C113E /* TaskMasterWidget */ = {isa = PBXFileSystemSynchronizedRootGroup; exceptions = (4AB2400F2CA45362003C113E /* PBXFileSystemSynchronizedBuildFileExceptionSet */, 4AA3E2A92CA586E9000F0B1B /* PBXFileSystemSynchronizedBuildFileExceptionSet */, ); explicitFileTypes = {}; explicitFolders = (); path = TaskMasterWidget; sourceTree = "<group>"; };
/* End PBXFileSystemSynchronizedRootGroup section */

/* Begin PBXFrameworksBuildPhase section */
		4A4EE1932CA1043E00821FB0 /* Frameworks */ = {
			isa = PBXFrameworksBuildPhase;
			buildActionMask = 2147483647;
			files = (
			);
			runOnlyForDeploymentPostprocessing = 0;
		};
		4A69F8602C9FBFF2004B777E /* Frameworks */ = {
			isa = PBXFrameworksBuildPhase;
			buildActionMask = 2147483647;
			files = (
				185FE0FDF315B81BEB7442A5 /* Pods_TaskMaster.framework in Frameworks */,
			);
			runOnlyForDeploymentPostprocessing = 0;
		};
		4AA3E28D2CA585C2000F0B1B /* Frameworks */ = {
			isa = PBXFrameworksBuildPhase;
			buildActionMask = 2147483647;
			files = (
				4AA3E2922CA585C3000F0B1B /* SwiftUI.framework in Frameworks */,
				4AA3E2912CA585C3000F0B1B /* WidgetKit.framework in Frameworks */,
			);
			runOnlyForDeploymentPostprocessing = 0;
		};
		4AB23FF82CA4535F003C113E /* Frameworks */ = {
			isa = PBXFrameworksBuildPhase;
			buildActionMask = 2147483647;
			files = (
				4AB23FFF2CA45360003C113E /* SwiftUI.framework in Frameworks */,
				4AB23FFD2CA45360003C113E /* WidgetKit.framework in Frameworks */,
			);
			runOnlyForDeploymentPostprocessing = 0;
		};
		4AD8BBEF2CA13C0D00EC9261 /* Frameworks */ = {
			isa = PBXFrameworksBuildPhase;
			buildActionMask = 2147483647;
			files = (
			);
			runOnlyForDeploymentPostprocessing = 0;
		};
/* End PBXFrameworksBuildPhase section */

/* Begin PBXGroup section */
		4A4EE1972CA1043E00821FB0 /* TaskMasterTests */ = {
			isa = PBXGroup;
			children = (
				4ADDE5EC2CA137E4005D9E12 /* Fixtures */,
				4A4EE1982CA1043E00821FB0 /* TaskMasterTests.swift */,
				4A4EE19F2CA1075300821FB0 /* AssetTest.swift */,
				4ADDE5E42CA12C08005D9E12 /* TagTests.swift */,
				4ADDE5E62CA12CB1005D9E12 /* AwardTests.swift */,
				4ADDE5E82CA131B5005D9E12 /* DevelopmentTests.swift */,
				4ADDE5EA2CA133D7005D9E12 /* ExtensionTests.swift */,
				4ADDE5F12CA13A1B005D9E12 /* PerformanceTests.swift */,
			);
			path = TaskMasterTests;
			sourceTree = "<group>";
		};
		4A69F85A2C9FBFF2004B777E = {
			isa = PBXGroup;
			children = (
				4AA3E2AC2CA58741000F0B1B /* TaskMasterWidgetMacBundleExtension.entitlements */,
				4AB2401E2CA45582003C113E /* TaskMasterWidgetExtension.entitlements */,
				4A69F8652C9FBFF2004B777E /* TaskMaster */,
				4A4EE1972CA1043E00821FB0 /* TaskMasterTests */,
				4AD8BBF32CA13C0D00EC9261 /* TaskMasterUITests */,
				4AB240002CA45360003C113E /* TaskMasterWidget */,
				4AA3E2932CA585C3000F0B1B /* TaskMasterWidgetMacBundle */,
				4A69F8642C9FBFF2004B777E /* Products */,
				F5CA694B641B0013260C9F98 /* Pods */,
				8DE5BD1C45EBF83DF54A4665 /* Frameworks */,
			);
			sourceTree = "<group>";
		};
		4A69F8642C9FBFF2004B777E /* Products */ = {
			isa = PBXGroup;
			children = (
				4A69F8632C9FBFF2004B777E /* TaskMaster.app */,
				4A4EE1962CA1043E00821FB0 /* TaskMasterTests.xctest */,
				4AD8BBF22CA13C0D00EC9261 /* TaskMasterUITests.xctest */,
				4AB23FFB2CA4535F003C113E /* TaskMasterWidgetExtension.appex */,
				4AA3E2902CA585C2000F0B1B /* TaskMasterWidgetMacBundleExtension.appex */,
			);
			name = Products;
			sourceTree = "<group>";
		};
		4A69F8652C9FBFF2004B777E /* TaskMaster */ = {
			isa = PBXGroup;
			children = (
				4AA3E2892CA58375000F0B1B /* PlatformAdjustments */,
				4AB23FF02CA443D9003C113E /* Store */,
				4A77D21C2CA05BD3002CBDC1 /* Filters */,
				4A77D21D2CA05BF2002CBDC1 /* Issues */,
				4A77D21E2CA05C0D002CBDC1 /* Editing */,
				4A77D21F2CA05C2D002CBDC1 /* Awards */,
				4A77D2192CA05AF5002CBDC1 /* Extensions */,
				4A77D21A2CA05B14002CBDC1 /* Configuration */,
				4A69F8662C9FBFF2004B777E /* TaskMasterApp.swift */,
				4AFD2CB92C9FC5CE0005B4F0 /* DataController.swift */,
				4AB2401C2CA454BA003C113E /* DataController-Awards.swift */,
				4AB23FF32CA44EB5003C113E /* AppDelegate.swift */,
				4AB23FF52CA44EBC003C113E /* SceneDelegate.swift */,
				4AB23FEA2CA43D52003C113E /* DataController-Notifications.swift */,
				4AB23FEE2CA441D4003C113E /* DataController-StoreKit.swift */,
				4A0206F42CA00A300085B66A /* Colors.xcassets */,
				4A69F86A2C9FBFF4004B777E /* Assets.xcassets */,
				4A69F86C2C9FBFF4004B777E /* Preview Content */,
			);
			path = TaskMaster;
			sourceTree = "<group>";
		};
		4A69F86C2C9FBFF4004B777E /* Preview Content */ = {
			isa = PBXGroup;
			children = (
				4A69F86D2C9FBFF4004B777E /* Preview Assets.xcassets */,
			);
			path = "Preview Content";
			sourceTree = "<group>";
		};
		4A77D2192CA05AF5002CBDC1 /* Extensions */ = {
			isa = PBXGroup;
			children = (
				4A0206F02CA009710085B66A /* Bundle-Decodable.swift */,
				4A0206E42C9FE2DD0085B66A /* Issue-CoreDataHelper.swift */,
				4A0206E62C9FE3D60085B66A /* Tag-CoreDataHelpers.swift */,
			);
			path = Extensions;
			sourceTree = "<group>";
		};
		4A77D21A2CA05B14002CBDC1 /* Configuration */ = {
			isa = PBXGroup;
			children = (
				4AFD2CBB2C9FC7650005B4F0 /* TaskMaster.entitlements */,
				4AFD2CBC2C9FC76F0005B4F0 /* Info.plist */,
				4AB23FEC2CA440E7003C113E /* Configuration.storekit */,
				4AFD2CB62C9FC3C90005B4F0 /* Main.xcdatamodeld */,
			);
			path = Configuration;
			sourceTree = "<group>";
		};
		4A77D21C2CA05BD3002CBDC1 /* Filters */ = {
			isa = PBXGroup;
			children = (
				4AFD2CC12C9FC8E50005B4F0 /* Filter.swift */,
				4AFD2CBD2C9FC8810005B4F0 /* SidebarView.swift */,
				4A3108D42CA3A1A600992817 /* SidebarViewModel.swift */,
				4A77D2082CA045D2002CBDC1 /* SidebarViewToolbar.swift */,
				4A77D2102CA04892002CBDC1 /* SmartFilterRow.swift */,
				4A77D2122CA04908002CBDC1 /* UserFilterRow.swift */,
			);
			path = Filters;
			sourceTree = "<group>";
		};
		4A77D21D2CA05BF2002CBDC1 /* Issues */ = {
			isa = PBXGroup;
			children = (
				4A69F8682C9FBFF2004B777E /* ContentView.swift */,
				4A3108D62CA3A50C00992817 /* ContentViewModel.swift */,
				4A77D20C2CA04742002CBDC1 /* ContentViewToolbar.swift */,
				4A0206EA2C9FE6AF0085B66A /* IssueRow.swift */,
				4A3108D82CA3A5BF00992817 /* IssueRowViewModel.swift */,
			);
			path = Issues;
			sourceTree = "<group>";
		};
		4A77D21E2CA05C0D002CBDC1 /* Editing */ = {
			isa = PBXGroup;
			children = (
				4AFD2CBF2C9FC8940005B4F0 /* DetailView.swift */,
				4A0206EE2C9FE9D30085B66A /* IssueView.swift */,
				4A77D20A2CA046EA002CBDC1 /* IssueViewToolbar.swift */,
				4A0206EC2C9FE95C0085B66A /* NoIssueView.swift */,
				4A77D20E2CA047B0002CBDC1 /* TagsMenuView.swift */,
			);
			path = Editing;
			sourceTree = "<group>";
		};
		4A77D21F2CA05C2D002CBDC1 /* Awards */ = {
			isa = PBXGroup;
			children = (
				4A0206F82CA00AB50085B66A /* AwardsView.swift */,
				4A0206F62CA00A4C0085B66A /* Award.swift */,
				4A0206F22CA00A110085B66A /* Awards.json */,
			);
			path = Awards;
			sourceTree = "<group>";
		};
		4AA3E2892CA58375000F0B1B /* PlatformAdjustments */ = {
			isa = PBXGroup;
			children = (
				4AA3E28A2CA58380000F0B1B /* InlineNavigationBar.swift */,
				4AA3E2AD2CA58944000F0B1B /* MacFrame.swift */,
			);
			path = PlatformAdjustments;
			sourceTree = "<group>";
		};
		4AB23FF02CA443D9003C113E /* Store */ = {
			isa = PBXGroup;
			children = (
				4AB23FF12CA443E4003C113E /* StoreView.swift */,
			);
			path = Store;
			sourceTree = "<group>";
		};
		4AD8BBF32CA13C0D00EC9261 /* TaskMasterUITests */ = {
			isa = PBXGroup;
			children = (
				4AD8BBF42CA13C0D00EC9261 /* TaskMasterUITests.swift */,
				4AD8BBF62CA13C0D00EC9261 /* TaskMasterUITestsLaunchTests.swift */,
			);
			path = TaskMasterUITests;
			sourceTree = "<group>";
		};
		4ADDE5EC2CA137E4005D9E12 /* Fixtures */ = {
			isa = PBXGroup;
			children = (
				4ADDE5ED2CA137EF005D9E12 /* DecodableDictionary.json */,
				4ADDE5EF2CA13802005D9E12 /* DecodableString.json */,
			);
			path = Fixtures;
			sourceTree = "<group>";
		};
		8DE5BD1C45EBF83DF54A4665 /* Frameworks */ = {
			isa = PBXGroup;
			children = (
				88636104022C75912E86B0AE /* Pods_TaskMaster.framework */,
				4AB23FFC2CA45360003C113E /* WidgetKit.framework */,
				4AB23FFE2CA45360003C113E /* SwiftUI.framework */,
			);
			name = Frameworks;
			sourceTree = "<group>";
		};
		F5CA694B641B0013260C9F98 /* Pods */ = {
			isa = PBXGroup;
			children = (
				4349ACDEC8006843DECE5D5A /* Pods-TaskMaster.debug.xcconfig */,
				07AD06406BF21A8344F3B11C /* Pods-TaskMaster.release.xcconfig */,
			);
			path = Pods;
			sourceTree = "<group>";
		};
/* End PBXGroup section */

/* Begin PBXNativeTarget section */
		4A4EE1952CA1043E00821FB0 /* TaskMasterTests */ = {
			isa = PBXNativeTarget;
			buildConfigurationList = 4A4EE19E2CA1043E00821FB0 /* Build configuration list for PBXNativeTarget "TaskMasterTests" */;
			buildPhases = (
				4A4EE1922CA1043E00821FB0 /* Sources */,
				4A4EE1932CA1043E00821FB0 /* Frameworks */,
				4A4EE1942CA1043E00821FB0 /* Resources */,
			);
			buildRules = (
			);
			dependencies = (
				4A4EE19B2CA1043E00821FB0 /* PBXTargetDependency */,
			);
			name = TaskMasterTests;
			productName = TaskMasterTests;
			productReference = 4A4EE1962CA1043E00821FB0 /* TaskMasterTests.xctest */;
			productType = "com.apple.product-type.bundle.unit-test";
		};
		4A69F8622C9FBFF2004B777E /* TaskMaster */ = {
			isa = PBXNativeTarget;
			buildConfigurationList = 4A69F8712C9FBFF4004B777E /* Build configuration list for PBXNativeTarget "TaskMaster" */;
			buildPhases = (
				049BD5FD12C4DF3DB963F54B /* [CP] Check Pods Manifest.lock */,
				4A69F85F2C9FBFF2004B777E /* Sources */,
				4A69F8602C9FBFF2004B777E /* Frameworks */,
				4A69F8612C9FBFF2004B777E /* Resources */,
				4A77D2162CA051FE002CBDC1 /* ShellScript */,
				4AB240132CA45362003C113E /* Embed Foundation Extensions */,
			);
			buildRules = (
			);
			dependencies = (
				4AB2400D2CA45362003C113E /* PBXTargetDependency */,
				4AA3E29C2CA585C4000F0B1B /* PBXTargetDependency */,
			);
			name = TaskMaster;
			productName = TaskMaster;
			productReference = 4A69F8632C9FBFF2004B777E /* TaskMaster.app */;
			productType = "com.apple.product-type.application";
		};
		4AA3E28F2CA585C2000F0B1B /* TaskMasterWidgetMacBundleExtension */ = {
			isa = PBXNativeTarget;
			buildConfigurationList = 4AA3E29F2CA585C5000F0B1B /* Build configuration list for PBXNativeTarget "TaskMasterWidgetMacBundleExtension" */;
			buildPhases = (
				4AA3E28C2CA585C2000F0B1B /* Sources */,
				4AA3E28D2CA585C2000F0B1B /* Frameworks */,
				4AA3E28E2CA585C2000F0B1B /* Resources */,
			);
			buildRules = (
			);
			dependencies = (
			);
			fileSystemSynchronizedGroups = (
				4AA3E2932CA585C3000F0B1B /* TaskMasterWidgetMacBundle */,
			);
			name = TaskMasterWidgetMacBundleExtension;
			packageProductDependencies = (
			);
			productName = TaskMasterWidgetMacBundleExtension;
			productReference = 4AA3E2902CA585C2000F0B1B /* TaskMasterWidgetMacBundleExtension.appex */;
			productType = "com.apple.product-type.app-extension";
		};
		4AB23FFA2CA4535F003C113E /* TaskMasterWidgetExtension */ = {
			isa = PBXNativeTarget;
			buildConfigurationList = 4AB240102CA45362003C113E /* Build configuration list for PBXNativeTarget "TaskMasterWidgetExtension" */;
			buildPhases = (
				4AB23FF72CA4535F003C113E /* Sources */,
				4AB23FF82CA4535F003C113E /* Frameworks */,
				4AB23FF92CA4535F003C113E /* Resources */,
			);
			buildRules = (
			);
			dependencies = (
			);
			fileSystemSynchronizedGroups = (
				4AB240002CA45360003C113E /* TaskMasterWidget */,
			);
			name = TaskMasterWidgetExtension;
			packageProductDependencies = (
			);
			productName = TaskMasterWidgetExtension;
			productReference = 4AB23FFB2CA4535F003C113E /* TaskMasterWidgetExtension.appex */;
			productType = "com.apple.product-type.app-extension";
		};
		4AD8BBF12CA13C0D00EC9261 /* TaskMasterUITests */ = {
			isa = PBXNativeTarget;
			buildConfigurationList = 4AD8BBFC2CA13C0D00EC9261 /* Build configuration list for PBXNativeTarget "TaskMasterUITests" */;
			buildPhases = (
				4AD8BBEE2CA13C0D00EC9261 /* Sources */,
				4AD8BBEF2CA13C0D00EC9261 /* Frameworks */,
				4AD8BBF02CA13C0D00EC9261 /* Resources */,
			);
			buildRules = (
			);
			dependencies = (
				4AD8BBF92CA13C0D00EC9261 /* PBXTargetDependency */,
			);
			name = TaskMasterUITests;
			productName = TaskMasterUITests;
			productReference = 4AD8BBF22CA13C0D00EC9261 /* TaskMasterUITests.xctest */;
			productType = "com.apple.product-type.bundle.ui-testing";
		};
/* End PBXNativeTarget section */

/* Begin PBXProject section */
		4A69F85B2C9FBFF2004B777E /* Project object */ = {
			isa = PBXProject;
			attributes = {
				BuildIndependentTargetsInParallel = 1;
				LastSwiftUpdateCheck = 1600;
				LastUpgradeCheck = 1540;
				TargetAttributes = {
					4A4EE1952CA1043E00821FB0 = {
						CreatedOnToolsVersion = 15.4;
						TestTargetID = 4A69F8622C9FBFF2004B777E;
					};
					4A69F8622C9FBFF2004B777E = {
						CreatedOnToolsVersion = 15.4;
					};
					4AA3E28F2CA585C2000F0B1B = {
						CreatedOnToolsVersion = 16.0;
					};
					4AB23FFA2CA4535F003C113E = {
						CreatedOnToolsVersion = 16.0;
					};
					4AD8BBF12CA13C0D00EC9261 = {
						CreatedOnToolsVersion = 15.4;
						TestTargetID = 4A69F8622C9FBFF2004B777E;
					};
				};
			};
			buildConfigurationList = 4A69F85E2C9FBFF2004B777E /* Build configuration list for PBXProject "TaskMaster" */;
			compatibilityVersion = "Xcode 14.0";
			developmentRegion = en;
			hasScannedForEncodings = 0;
			knownRegions = (
				en,
				Base,
			);
			mainGroup = 4A69F85A2C9FBFF2004B777E;
			productRefGroup = 4A69F8642C9FBFF2004B777E /* Products */;
			projectDirPath = "";
			projectRoot = "";
			targets = (
				4A69F8622C9FBFF2004B777E /* TaskMaster */,
				4A4EE1952CA1043E00821FB0 /* TaskMasterTests */,
				4AD8BBF12CA13C0D00EC9261 /* TaskMasterUITests */,
				4AB23FFA2CA4535F003C113E /* TaskMasterWidgetExtension */,
				4AA3E28F2CA585C2000F0B1B /* TaskMasterWidgetMacBundleExtension */,
			);
		};
/* End PBXProject section */

/* Begin PBXResourcesBuildPhase section */
		4A4EE1942CA1043E00821FB0 /* Resources */ = {
			isa = PBXResourcesBuildPhase;
			buildActionMask = 2147483647;
			files = (
				4ADDE5F02CA13802005D9E12 /* DecodableString.json in Resources */,
				4ADDE5EE2CA137EF005D9E12 /* DecodableDictionary.json in Resources */,
			);
			runOnlyForDeploymentPostprocessing = 0;
		};
		4A69F8612C9FBFF2004B777E /* Resources */ = {
			isa = PBXResourcesBuildPhase;
			buildActionMask = 2147483647;
			files = (
				4A69F86E2C9FBFF4004B777E /* Preview Assets.xcassets in Resources */,
				4AB23FED2CA440E7003C113E /* Configuration.storekit in Resources */,
				4A0206F52CA00A310085B66A /* Colors.xcassets in Resources */,
				4A0206F32CA00A110085B66A /* Awards.json in Resources */,
				4A69F86B2C9FBFF4004B777E /* Assets.xcassets in Resources */,
			);
			runOnlyForDeploymentPostprocessing = 0;
		};
		4AA3E28E2CA585C2000F0B1B /* Resources */ = {
			isa = PBXResourcesBuildPhase;
			buildActionMask = 2147483647;
			files = (
			);
			runOnlyForDeploymentPostprocessing = 0;
		};
		4AB23FF92CA4535F003C113E /* Resources */ = {
			isa = PBXResourcesBuildPhase;
			buildActionMask = 2147483647;
			files = (
			);
			runOnlyForDeploymentPostprocessing = 0;
		};
		4AD8BBF02CA13C0D00EC9261 /* Resources */ = {
			isa = PBXResourcesBuildPhase;
			buildActionMask = 2147483647;
			files = (
			);
			runOnlyForDeploymentPostprocessing = 0;
		};
/* End PBXResourcesBuildPhase section */

/* Begin PBXShellScriptBuildPhase section */
		049BD5FD12C4DF3DB963F54B /* [CP] Check Pods Manifest.lock */ = {
			isa = PBXShellScriptBuildPhase;
			buildActionMask = 2147483647;
			files = (
			);
			inputFileListPaths = (
			);
			inputPaths = (
				"${PODS_PODFILE_DIR_PATH}/Podfile.lock",
				"${PODS_ROOT}/Manifest.lock",
			);
			name = "[CP] Check Pods Manifest.lock";
			outputFileListPaths = (
			);
			outputPaths = (
				"$(DERIVED_FILE_DIR)/Pods-TaskMaster-checkManifestLockResult.txt",
			);
			runOnlyForDeploymentPostprocessing = 0;
			shellPath = /bin/sh;
			shellScript = "diff \"${PODS_PODFILE_DIR_PATH}/Podfile.lock\" \"${PODS_ROOT}/Manifest.lock\" > /dev/null\nif [ $? != 0 ] ; then\n    # print error to STDERR\n    echo \"error: The sandbox is not in sync with the Podfile.lock. Run 'pod install' or update your CocoaPods installation.\" >&2\n    exit 1\nfi\n# This output is used by Xcode 'outputs' to avoid re-running this script phase.\necho \"SUCCESS\" > \"${SCRIPT_OUTPUT_FILE_0}\"\n";
			showEnvVarsInLog = 0;
		};
		4A77D2162CA051FE002CBDC1 /* ShellScript */ = {
			isa = PBXShellScriptBuildPhase;
			buildActionMask = 2147483647;
			files = (
			);
			inputFileListPaths = (
			);
			inputPaths = (
			);
			outputFileListPaths = (
			);
			outputPaths = (
			);
			runOnlyForDeploymentPostprocessing = 0;
			shellPath = /bin/sh;
			shellScript = "# Type a script or drag a script file from your workspace to insert its path.\n# \"${PODS_ROOT}/SwiftLint/swiftlint\"\n";
		};
/* End PBXShellScriptBuildPhase section */

/* Begin PBXSourcesBuildPhase section */
		4A4EE1922CA1043E00821FB0 /* Sources */ = {
			isa = PBXSourcesBuildPhase;
			buildActionMask = 2147483647;
			files = (
				4ADDE5F22CA13A1B005D9E12 /* PerformanceTests.swift in Sources */,
				4A4EE1A02CA1075300821FB0 /* AssetTest.swift in Sources */,
				4ADDE5E72CA12CB1005D9E12 /* AwardTests.swift in Sources */,
				4ADDE5E52CA12C08005D9E12 /* TagTests.swift in Sources */,
				4ADDE5EB2CA133D7005D9E12 /* ExtensionTests.swift in Sources */,
				4A4EE1992CA1043E00821FB0 /* TaskMasterTests.swift in Sources */,
				4ADDE5E92CA131B5005D9E12 /* DevelopmentTests.swift in Sources */,
			);
			runOnlyForDeploymentPostprocessing = 0;
		};
		4A69F85F2C9FBFF2004B777E /* Sources */ = {
			isa = PBXSourcesBuildPhase;
			buildActionMask = 2147483647;
			files = (
				4AFD2CC22C9FC8E50005B4F0 /* Filter.swift in Sources */,
				4A77D20F2CA047B0002CBDC1 /* TagsMenuView.swift in Sources */,
				4A0206F72CA00A4C0085B66A /* Award.swift in Sources */,
				4A77D20B2CA046EA002CBDC1 /* IssueViewToolbar.swift in Sources */,
				4AB23FF42CA44EB5003C113E /* AppDelegate.swift in Sources */,
				4AA3E2AE2CA58944000F0B1B /* MacFrame.swift in Sources */,
				4A77D2112CA04892002CBDC1 /* SmartFilterRow.swift in Sources */,
				4A0206F92CA00AB50085B66A /* AwardsView.swift in Sources */,
				4AB23FEF2CA441D4003C113E /* DataController-StoreKit.swift in Sources */,
				4AB23FEB2CA43D52003C113E /* DataController-Notifications.swift in Sources */,
				4A0206E72C9FE3D60085B66A /* Tag-CoreDataHelpers.swift in Sources */,
				4A0206ED2C9FE95C0085B66A /* NoIssueView.swift in Sources */,
				4AFD2CB82C9FC3C90005B4F0 /* Main.xcdatamodeld in Sources */,
				4AB23FF62CA44EBC003C113E /* SceneDelegate.swift in Sources */,
				4A0206F12CA009710085B66A /* Bundle-Decodable.swift in Sources */,
				4AFD2CC02C9FC8940005B4F0 /* DetailView.swift in Sources */,
				4AB2401D2CA454BB003C113E /* DataController-Awards.swift in Sources */,
				4A3108D52CA3A1A700992817 /* SidebarViewModel.swift in Sources */,
				4A3108D72CA3A50C00992817 /* ContentViewModel.swift in Sources */,
				4AFD2CBA2C9FC5CE0005B4F0 /* DataController.swift in Sources */,
				4A77D20D2CA04742002CBDC1 /* ContentViewToolbar.swift in Sources */,
				4AA3E28B2CA58380000F0B1B /* InlineNavigationBar.swift in Sources */,
				4AFD2CBE2C9FC8810005B4F0 /* SidebarView.swift in Sources */,
				4A69F8692C9FBFF2004B777E /* ContentView.swift in Sources */,
				4A77D2092CA045D2002CBDC1 /* SidebarViewToolbar.swift in Sources */,
				4A0206E52C9FE2DD0085B66A /* Issue-CoreDataHelper.swift in Sources */,
				4A77D2132CA04908002CBDC1 /* UserFilterRow.swift in Sources */,
				4A0206EB2C9FE6AF0085B66A /* IssueRow.swift in Sources */,
				4A0206EF2C9FE9D30085B66A /* IssueView.swift in Sources */,
				4A69F8672C9FBFF2004B777E /* TaskMasterApp.swift in Sources */,
				4AB23FF22CA443E4003C113E /* StoreView.swift in Sources */,
				4A3108D92CA3A5BF00992817 /* IssueRowViewModel.swift in Sources */,
			);
			runOnlyForDeploymentPostprocessing = 0;
		};
		4AA3E28C2CA585C2000F0B1B /* Sources */ = {
			isa = PBXSourcesBuildPhase;
			buildActionMask = 2147483647;
			files = (
				4AA3E2A72CA586E3000F0B1B /* DataController-StoreKit.swift in Sources */,
				4AA3E2A62CA586D6000F0B1B /* DataController.swift in Sources */,
				4AA3E2A22CA5864F000F0B1B /* Filter.swift in Sources */,
				4AA3E2A32CA586C5000F0B1B /* Tag-CoreDataHelpers.swift in Sources */,
				4AA3E2A52CA586D1000F0B1B /* Main.xcdatamodeld in Sources */,
				4AA3E2A42CA586C5000F0B1B /* Issue-CoreDataHelper.swift in Sources */,
			);
			runOnlyForDeploymentPostprocessing = 0;
		};
		4AB23FF72CA4535F003C113E /* Sources */ = {
			isa = PBXSourcesBuildPhase;
			buildActionMask = 2147483647;
			files = (
				4AB2401B2CA45479003C113E /* DataController-StoreKit.swift in Sources */,
				4AB240162CA45408003C113E /* Tag-CoreDataHelpers.swift in Sources */,
				4AB240172CA45408003C113E /* Issue-CoreDataHelper.swift in Sources */,
				4AB240152CA453F9003C113E /* DataController.swift in Sources */,
				4AB2401A2CA4545E003C113E /* Bundle-Decodable.swift in Sources */,
				4AB240182CA45431003C113E /* Filter.swift in Sources */,
				4AB240142CA453EB003C113E /* Main.xcdatamodeld in Sources */,
			);
			runOnlyForDeploymentPostprocessing = 0;
		};
		4AD8BBEE2CA13C0D00EC9261 /* Sources */ = {
			isa = PBXSourcesBuildPhase;
			buildActionMask = 2147483647;
			files = (
				4AD8BBF52CA13C0D00EC9261 /* TaskMasterUITests.swift in Sources */,
				4AD8BBF72CA13C0D00EC9261 /* TaskMasterUITestsLaunchTests.swift in Sources */,
			);
			runOnlyForDeploymentPostprocessing = 0;
		};
/* End PBXSourcesBuildPhase section */

/* Begin PBXTargetDependency section */
		4A4EE19B2CA1043E00821FB0 /* PBXTargetDependency */ = {
			isa = PBXTargetDependency;
			target = 4A69F8622C9FBFF2004B777E /* TaskMaster */;
			targetProxy = 4A4EE19A2CA1043E00821FB0 /* PBXContainerItemProxy */;
		};
		4AA3E29C2CA585C4000F0B1B /* PBXTargetDependency */ = {
			isa = PBXTargetDependency;
			target = 4AA3E28F2CA585C2000F0B1B /* TaskMasterWidgetMacBundleExtension */;
			targetProxy = 4AA3E29B2CA585C4000F0B1B /* PBXContainerItemProxy */;
		};
		4AB2400D2CA45362003C113E /* PBXTargetDependency */ = {
			isa = PBXTargetDependency;
			target = 4AB23FFA2CA4535F003C113E /* TaskMasterWidgetExtension */;
			targetProxy = 4AB2400C2CA45362003C113E /* PBXContainerItemProxy */;
		};
		4AD8BBF92CA13C0D00EC9261 /* PBXTargetDependency */ = {
			isa = PBXTargetDependency;
			target = 4A69F8622C9FBFF2004B777E /* TaskMaster */;
			targetProxy = 4AD8BBF82CA13C0D00EC9261 /* PBXContainerItemProxy */;
		};
/* End PBXTargetDependency section */

/* Begin XCBuildConfiguration section */
		4A4EE19C2CA1043E00821FB0 /* Debug */ = {
			isa = XCBuildConfiguration;
			buildSettings = {
				BUNDLE_LOADER = "$(TEST_HOST)";
				CODE_SIGN_INJECT_BASE_ENTITLEMENTS = YES;
				CODE_SIGN_STYLE = Automatic;
				CURRENT_PROJECT_VERSION = 1;
				DEVELOPMENT_TEAM = 4J8L2WD7VW;
				GENERATE_INFOPLIST_FILE = YES;
				IPHONEOS_DEPLOYMENT_TARGET = 17.5;
				MARKETING_VERSION = 1.0;
				PRODUCT_BUNDLE_IDENTIFIER = com.asanogenki.TaskMasterTests;
				PRODUCT_NAME = "$(TARGET_NAME)";
				SUPPORTED_PLATFORMS = "iphoneos iphonesimulator";
				SUPPORTS_MACCATALYST = YES;
				SUPPORTS_XR_DESIGNED_FOR_IPHONE_IPAD = NO;
				SWIFT_EMIT_LOC_STRINGS = NO;
				SWIFT_VERSION = 5.0;
				TARGETED_DEVICE_FAMILY = "1,2";
				TEST_HOST = "$(BUILT_PRODUCTS_DIR)/TaskMaster.app/$(BUNDLE_EXECUTABLE_FOLDER_PATH)/TaskMaster";
			};
			name = Debug;
		};
		4A4EE19D2CA1043E00821FB0 /* Release */ = {
			isa = XCBuildConfiguration;
			buildSettings = {
				BUNDLE_LOADER = "$(TEST_HOST)";
				CODE_SIGN_INJECT_BASE_ENTITLEMENTS = YES;
				CODE_SIGN_STYLE = Automatic;
				CURRENT_PROJECT_VERSION = 1;
				DEVELOPMENT_TEAM = 4J8L2WD7VW;
				GENERATE_INFOPLIST_FILE = YES;
				IPHONEOS_DEPLOYMENT_TARGET = 17.5;
				MARKETING_VERSION = 1.0;
				PRODUCT_BUNDLE_IDENTIFIER = com.asanogenki.TaskMasterTests;
				PRODUCT_NAME = "$(TARGET_NAME)";
				SUPPORTED_PLATFORMS = "iphoneos iphonesimulator";
				SUPPORTS_MACCATALYST = YES;
				SUPPORTS_XR_DESIGNED_FOR_IPHONE_IPAD = NO;
				SWIFT_EMIT_LOC_STRINGS = NO;
				SWIFT_VERSION = 5.0;
				TARGETED_DEVICE_FAMILY = "1,2";
				TEST_HOST = "$(BUILT_PRODUCTS_DIR)/TaskMaster.app/$(BUNDLE_EXECUTABLE_FOLDER_PATH)/TaskMaster";
			};
			name = Release;
		};
		4A69F86F2C9FBFF4004B777E /* Debug */ = {
			isa = XCBuildConfiguration;
			buildSettings = {
				ALWAYS_SEARCH_USER_PATHS = NO;
				ASSETCATALOG_COMPILER_GENERATE_SWIFT_ASSET_SYMBOL_EXTENSIONS = YES;
				CLANG_ANALYZER_NONNULL = YES;
				CLANG_ANALYZER_NUMBER_OBJECT_CONVERSION = YES_AGGRESSIVE;
				CLANG_CXX_LANGUAGE_STANDARD = "gnu++20";
				CLANG_ENABLE_MODULES = YES;
				CLANG_ENABLE_OBJC_ARC = YES;
				CLANG_ENABLE_OBJC_WEAK = YES;
				CLANG_WARN_BLOCK_CAPTURE_AUTORELEASING = YES;
				CLANG_WARN_BOOL_CONVERSION = YES;
				CLANG_WARN_COMMA = YES;
				CLANG_WARN_CONSTANT_CONVERSION = YES;
				CLANG_WARN_DEPRECATED_OBJC_IMPLEMENTATIONS = YES;
				CLANG_WARN_DIRECT_OBJC_ISA_USAGE = YES_ERROR;
				CLANG_WARN_DOCUMENTATION_COMMENTS = YES;
				CLANG_WARN_EMPTY_BODY = YES;
				CLANG_WARN_ENUM_CONVERSION = YES;
				CLANG_WARN_INFINITE_RECURSION = YES;
				CLANG_WARN_INT_CONVERSION = YES;
				CLANG_WARN_NON_LITERAL_NULL_CONVERSION = YES;
				CLANG_WARN_OBJC_IMPLICIT_RETAIN_SELF = YES;
				CLANG_WARN_OBJC_LITERAL_CONVERSION = YES;
				CLANG_WARN_OBJC_ROOT_CLASS = YES_ERROR;
				CLANG_WARN_QUOTED_INCLUDE_IN_FRAMEWORK_HEADER = YES;
				CLANG_WARN_RANGE_LOOP_ANALYSIS = YES;
				CLANG_WARN_STRICT_PROTOTYPES = YES;
				CLANG_WARN_SUSPICIOUS_MOVE = YES;
				CLANG_WARN_UNGUARDED_AVAILABILITY = YES_AGGRESSIVE;
				CLANG_WARN_UNREACHABLE_CODE = YES;
				CLANG_WARN__DUPLICATE_METHOD_MATCH = YES;
				COPY_PHASE_STRIP = NO;
				DEBUG_INFORMATION_FORMAT = dwarf;
				ENABLE_STRICT_OBJC_MSGSEND = YES;
				ENABLE_TESTABILITY = YES;
				ENABLE_USER_SCRIPT_SANDBOXING = YES;
				GCC_C_LANGUAGE_STANDARD = gnu17;
				GCC_DYNAMIC_NO_PIC = NO;
				GCC_NO_COMMON_BLOCKS = YES;
				GCC_OPTIMIZATION_LEVEL = 0;
				GCC_PREPROCESSOR_DEFINITIONS = (
					"DEBUG=1",
					"$(inherited)",
				);
				GCC_WARN_64_TO_32_BIT_CONVERSION = YES;
				GCC_WARN_ABOUT_RETURN_TYPE = YES_ERROR;
				GCC_WARN_UNDECLARED_SELECTOR = YES;
				GCC_WARN_UNINITIALIZED_AUTOS = YES_AGGRESSIVE;
				GCC_WARN_UNUSED_FUNCTION = YES;
				GCC_WARN_UNUSED_VARIABLE = YES;
				IPHONEOS_DEPLOYMENT_TARGET = 16.0;
				LOCALIZATION_PREFERS_STRING_CATALOGS = YES;
				MTL_ENABLE_DEBUG_INFO = INCLUDE_SOURCE;
				MTL_FAST_MATH = YES;
				ONLY_ACTIVE_ARCH = YES;
				SDKROOT = iphoneos;
				SWIFT_ACTIVE_COMPILATION_CONDITIONS = "DEBUG $(inherited)";
				SWIFT_OPTIMIZATION_LEVEL = "-Onone";
			};
			name = Debug;
		};
		4A69F8702C9FBFF4004B777E /* Release */ = {
			isa = XCBuildConfiguration;
			buildSettings = {
				ALWAYS_SEARCH_USER_PATHS = NO;
				ASSETCATALOG_COMPILER_GENERATE_SWIFT_ASSET_SYMBOL_EXTENSIONS = YES;
				CLANG_ANALYZER_NONNULL = YES;
				CLANG_ANALYZER_NUMBER_OBJECT_CONVERSION = YES_AGGRESSIVE;
				CLANG_CXX_LANGUAGE_STANDARD = "gnu++20";
				CLANG_ENABLE_MODULES = YES;
				CLANG_ENABLE_OBJC_ARC = YES;
				CLANG_ENABLE_OBJC_WEAK = YES;
				CLANG_WARN_BLOCK_CAPTURE_AUTORELEASING = YES;
				CLANG_WARN_BOOL_CONVERSION = YES;
				CLANG_WARN_COMMA = YES;
				CLANG_WARN_CONSTANT_CONVERSION = YES;
				CLANG_WARN_DEPRECATED_OBJC_IMPLEMENTATIONS = YES;
				CLANG_WARN_DIRECT_OBJC_ISA_USAGE = YES_ERROR;
				CLANG_WARN_DOCUMENTATION_COMMENTS = YES;
				CLANG_WARN_EMPTY_BODY = YES;
				CLANG_WARN_ENUM_CONVERSION = YES;
				CLANG_WARN_INFINITE_RECURSION = YES;
				CLANG_WARN_INT_CONVERSION = YES;
				CLANG_WARN_NON_LITERAL_NULL_CONVERSION = YES;
				CLANG_WARN_OBJC_IMPLICIT_RETAIN_SELF = YES;
				CLANG_WARN_OBJC_LITERAL_CONVERSION = YES;
				CLANG_WARN_OBJC_ROOT_CLASS = YES_ERROR;
				CLANG_WARN_QUOTED_INCLUDE_IN_FRAMEWORK_HEADER = YES;
				CLANG_WARN_RANGE_LOOP_ANALYSIS = YES;
				CLANG_WARN_STRICT_PROTOTYPES = YES;
				CLANG_WARN_SUSPICIOUS_MOVE = YES;
				CLANG_WARN_UNGUARDED_AVAILABILITY = YES_AGGRESSIVE;
				CLANG_WARN_UNREACHABLE_CODE = YES;
				CLANG_WARN__DUPLICATE_METHOD_MATCH = YES;
				COPY_PHASE_STRIP = NO;
				DEBUG_INFORMATION_FORMAT = "dwarf-with-dsym";
				ENABLE_NS_ASSERTIONS = NO;
				ENABLE_STRICT_OBJC_MSGSEND = YES;
				ENABLE_USER_SCRIPT_SANDBOXING = YES;
				GCC_C_LANGUAGE_STANDARD = gnu17;
				GCC_NO_COMMON_BLOCKS = YES;
				GCC_WARN_64_TO_32_BIT_CONVERSION = YES;
				GCC_WARN_ABOUT_RETURN_TYPE = YES_ERROR;
				GCC_WARN_UNDECLARED_SELECTOR = YES;
				GCC_WARN_UNINITIALIZED_AUTOS = YES_AGGRESSIVE;
				GCC_WARN_UNUSED_FUNCTION = YES;
				GCC_WARN_UNUSED_VARIABLE = YES;
				IPHONEOS_DEPLOYMENT_TARGET = 16.0;
				LOCALIZATION_PREFERS_STRING_CATALOGS = YES;
				MTL_ENABLE_DEBUG_INFO = NO;
				MTL_FAST_MATH = YES;
				SDKROOT = iphoneos;
				SWIFT_COMPILATION_MODE = wholemodule;
				VALIDATE_PRODUCT = YES;
			};
			name = Release;
		};
		4A69F8722C9FBFF4004B777E /* Debug */ = {
			isa = XCBuildConfiguration;
			baseConfigurationReference = 4349ACDEC8006843DECE5D5A /* Pods-TaskMaster.debug.xcconfig */;
			buildSettings = {
				ASSETCATALOG_COMPILER_APPICON_NAME = AppIcon;
				ASSETCATALOG_COMPILER_GLOBAL_ACCENT_COLOR_NAME = AccentColor;
				CODE_SIGN_ENTITLEMENTS = TaskMaster/Configuration/TaskMaster.entitlements;
				CODE_SIGN_INJECT_BASE_ENTITLEMENTS = YES;
				CODE_SIGN_STYLE = Automatic;
				CURRENT_PROJECT_VERSION = 1;
				DEVELOPMENT_ASSET_PATHS = "\"TaskMaster/Preview Content\"";
				DEVELOPMENT_TEAM = 4J8L2WD7VW;
				ENABLE_PREVIEWS = YES;
				ENABLE_USER_SCRIPT_SANDBOXING = NO;
				GENERATE_INFOPLIST_FILE = YES;
				INFOPLIST_FILE = TaskMaster/Configuration/Info.plist;
				INFOPLIST_KEY_UIApplicationSceneManifest_Generation = YES;
				INFOPLIST_KEY_UIApplicationSupportsIndirectInputEvents = YES;
				INFOPLIST_KEY_UILaunchScreen_Generation = YES;
				INFOPLIST_KEY_UISupportedInterfaceOrientations_iPad = "UIInterfaceOrientationPortrait UIInterfaceOrientationPortraitUpsideDown UIInterfaceOrientationLandscapeLeft UIInterfaceOrientationLandscapeRight";
				INFOPLIST_KEY_UISupportedInterfaceOrientations_iPhone = "UIInterfaceOrientationPortrait UIInterfaceOrientationLandscapeLeft UIInterfaceOrientationLandscapeRight";
				IPHONEOS_DEPLOYMENT_TARGET = 17.0;
				LD_RUNPATH_SEARCH_PATHS = (
					"$(inherited)",
					"@executable_path/Frameworks",
				);
				MACOSX_DEPLOYMENT_TARGET = 14.0;
				MARKETING_VERSION = 1.0;
				PRODUCT_BUNDLE_IDENTIFIER = com.asanogenki.TaskMaster;
				PRODUCT_NAME = "$(TARGET_NAME)";
				REGISTER_APP_GROUPS = NO;
				SUPPORTED_PLATFORMS = "iphoneos iphonesimulator";
				SUPPORTS_MACCATALYST = NO;
				SUPPORTS_MAC_DESIGNED_FOR_IPHONE_IPAD = YES;
				SUPPORTS_XR_DESIGNED_FOR_IPHONE_IPAD = NO;
				SWIFT_EMIT_LOC_STRINGS = YES;
				SWIFT_VERSION = 5.0;
				TARGETED_DEVICE_FAMILY = "1,2";
			};
			name = Debug;
		};
		4A69F8732C9FBFF4004B777E /* Release */ = {
			isa = XCBuildConfiguration;
			baseConfigurationReference = 07AD06406BF21A8344F3B11C /* Pods-TaskMaster.release.xcconfig */;
			buildSettings = {
				ASSETCATALOG_COMPILER_APPICON_NAME = AppIcon;
				ASSETCATALOG_COMPILER_GLOBAL_ACCENT_COLOR_NAME = AccentColor;
				CODE_SIGN_ENTITLEMENTS = TaskMaster/Configuration/TaskMaster.entitlements;
				CODE_SIGN_INJECT_BASE_ENTITLEMENTS = YES;
				CODE_SIGN_STYLE = Automatic;
				CURRENT_PROJECT_VERSION = 1;
				DEVELOPMENT_ASSET_PATHS = "\"TaskMaster/Preview Content\"";
				DEVELOPMENT_TEAM = 4J8L2WD7VW;
				ENABLE_PREVIEWS = YES;
				ENABLE_USER_SCRIPT_SANDBOXING = NO;
				GENERATE_INFOPLIST_FILE = YES;
				INFOPLIST_FILE = TaskMaster/Configuration/Info.plist;
				INFOPLIST_KEY_UIApplicationSceneManifest_Generation = YES;
				INFOPLIST_KEY_UIApplicationSupportsIndirectInputEvents = YES;
				INFOPLIST_KEY_UILaunchScreen_Generation = YES;
				INFOPLIST_KEY_UISupportedInterfaceOrientations_iPad = "UIInterfaceOrientationPortrait UIInterfaceOrientationPortraitUpsideDown UIInterfaceOrientationLandscapeLeft UIInterfaceOrientationLandscapeRight";
				INFOPLIST_KEY_UISupportedInterfaceOrientations_iPhone = "UIInterfaceOrientationPortrait UIInterfaceOrientationLandscapeLeft UIInterfaceOrientationLandscapeRight";
				IPHONEOS_DEPLOYMENT_TARGET = 17.0;
				LD_RUNPATH_SEARCH_PATHS = (
					"$(inherited)",
					"@executable_path/Frameworks",
				);
				MACOSX_DEPLOYMENT_TARGET = 14.0;
				MARKETING_VERSION = 1.0;
				PRODUCT_BUNDLE_IDENTIFIER = com.asanogenki.TaskMaster;
				PRODUCT_NAME = "$(TARGET_NAME)";
				REGISTER_APP_GROUPS = NO;
				SUPPORTED_PLATFORMS = "iphoneos iphonesimulator";
				SUPPORTS_MACCATALYST = NO;
				SUPPORTS_MAC_DESIGNED_FOR_IPHONE_IPAD = YES;
				SUPPORTS_XR_DESIGNED_FOR_IPHONE_IPAD = NO;
				SWIFT_EMIT_LOC_STRINGS = YES;
				SWIFT_VERSION = 5.0;
				TARGETED_DEVICE_FAMILY = "1,2";
			};
			name = Release;
		};
		4AA3E2A02CA585C5000F0B1B /* Debug */ = {
			isa = XCBuildConfiguration;
			buildSettings = {
				ASSETCATALOG_COMPILER_GLOBAL_ACCENT_COLOR_NAME = AccentColor;
				ASSETCATALOG_COMPILER_WIDGET_BACKGROUND_COLOR_NAME = WidgetBackground;
				CODE_SIGN_ENTITLEMENTS = TaskMasterWidgetMacBundleExtension.entitlements;
				CODE_SIGN_STYLE = Automatic;
				CURRENT_PROJECT_VERSION = 1;
				DEVELOPMENT_TEAM = 4J8L2WD7VW;
				GENERATE_INFOPLIST_FILE = YES;
				INFOPLIST_FILE = TaskMasterWidgetMacBundle/Info.plist;
				INFOPLIST_KEY_CFBundleDisplayName = TaskMasterWidgetMacBundle;
				INFOPLIST_KEY_NSHumanReadableCopyright = "";
				IPHONEOS_DEPLOYMENT_TARGET = 18.0;
				LD_RUNPATH_SEARCH_PATHS = (
					"$(inherited)",
					"@executable_path/Frameworks",
					"@executable_path/../../Frameworks",
				);
				MARKETING_VERSION = 1.0;
				PRODUCT_BUNDLE_IDENTIFIER = com.asanogenki.TaskMaster.TaskMasterWidgetMacBundle;
				PRODUCT_NAME = "$(TARGET_NAME)";
				SKIP_INSTALL = YES;
				SUPPORTED_PLATFORMS = "iphoneos iphonesimulator";
				SUPPORTS_MACCATALYST = NO;
				SUPPORTS_XR_DESIGNED_FOR_IPHONE_IPAD = NO;
				SWIFT_EMIT_LOC_STRINGS = YES;
				SWIFT_VERSION = 5.0;
				TARGETED_DEVICE_FAMILY = "1,2";
			};
			name = Debug;
		};
		4AA3E2A12CA585C5000F0B1B /* Release */ = {
			isa = XCBuildConfiguration;
			buildSettings = {
				ASSETCATALOG_COMPILER_GLOBAL_ACCENT_COLOR_NAME = AccentColor;
				ASSETCATALOG_COMPILER_WIDGET_BACKGROUND_COLOR_NAME = WidgetBackground;
				CODE_SIGN_ENTITLEMENTS = TaskMasterWidgetMacBundleExtension.entitlements;
				CODE_SIGN_STYLE = Automatic;
				CURRENT_PROJECT_VERSION = 1;
				DEVELOPMENT_TEAM = 4J8L2WD7VW;
				GENERATE_INFOPLIST_FILE = YES;
				INFOPLIST_FILE = TaskMasterWidgetMacBundle/Info.plist;
				INFOPLIST_KEY_CFBundleDisplayName = TaskMasterWidgetMacBundle;
				INFOPLIST_KEY_NSHumanReadableCopyright = "";
				IPHONEOS_DEPLOYMENT_TARGET = 18.0;
				LD_RUNPATH_SEARCH_PATHS = (
					"$(inherited)",
					"@executable_path/Frameworks",
					"@executable_path/../../Frameworks",
				);
				MARKETING_VERSION = 1.0;
				PRODUCT_BUNDLE_IDENTIFIER = com.asanogenki.TaskMaster.TaskMasterWidgetMacBundle;
				PRODUCT_NAME = "$(TARGET_NAME)";
				SKIP_INSTALL = YES;
				SUPPORTED_PLATFORMS = "iphoneos iphonesimulator";
				SUPPORTS_MACCATALYST = NO;
				SUPPORTS_XR_DESIGNED_FOR_IPHONE_IPAD = NO;
				SWIFT_EMIT_LOC_STRINGS = YES;
				SWIFT_VERSION = 5.0;
				TARGETED_DEVICE_FAMILY = "1,2";
			};
			name = Release;
		};
		4AB240112CA45362003C113E /* Debug */ = {
			isa = XCBuildConfiguration;
			buildSettings = {
				ASSETCATALOG_COMPILER_GLOBAL_ACCENT_COLOR_NAME = AccentColor;
				ASSETCATALOG_COMPILER_WIDGET_BACKGROUND_COLOR_NAME = WidgetBackground;
				CODE_SIGN_ENTITLEMENTS = TaskMasterWidgetExtension.entitlements;
				CODE_SIGN_STYLE = Automatic;
				CURRENT_PROJECT_VERSION = 1;
				DEVELOPMENT_TEAM = 4J8L2WD7VW;
				GENERATE_INFOPLIST_FILE = YES;
				INFOPLIST_FILE = TaskMasterWidget/Info.plist;
				INFOPLIST_KEY_CFBundleDisplayName = TaskMasterWidget;
				INFOPLIST_KEY_NSHumanReadableCopyright = "";
				IPHONEOS_DEPLOYMENT_TARGET = 18.0;
				LD_RUNPATH_SEARCH_PATHS = (
					"$(inherited)",
					"@executable_path/Frameworks",
					"@executable_path/../../Frameworks",
				);
				MARKETING_VERSION = 1.0;
				PRODUCT_BUNDLE_IDENTIFIER = com.asanogenki.TaskMaster.TaskMasterWidget;
				PRODUCT_NAME = "$(TARGET_NAME)";
				SKIP_INSTALL = YES;
				SUPPORTED_PLATFORMS = "iphoneos iphonesimulator";
				SUPPORTS_MACCATALYST = NO;
				SUPPORTS_XR_DESIGNED_FOR_IPHONE_IPAD = NO;
				SWIFT_EMIT_LOC_STRINGS = YES;
				SWIFT_VERSION = 5.0;
				TARGETED_DEVICE_FAMILY = "1,2";
			};
			name = Debug;
		};
		4AB240122CA45362003C113E /* Release */ = {
			isa = XCBuildConfiguration;
			buildSettings = {
				ASSETCATALOG_COMPILER_GLOBAL_ACCENT_COLOR_NAME = AccentColor;
				ASSETCATALOG_COMPILER_WIDGET_BACKGROUND_COLOR_NAME = WidgetBackground;
				CODE_SIGN_ENTITLEMENTS = TaskMasterWidgetExtension.entitlements;
				CODE_SIGN_STYLE = Automatic;
				CURRENT_PROJECT_VERSION = 1;
				DEVELOPMENT_TEAM = 4J8L2WD7VW;
				GENERATE_INFOPLIST_FILE = YES;
				INFOPLIST_FILE = TaskMasterWidget/Info.plist;
				INFOPLIST_KEY_CFBundleDisplayName = TaskMasterWidget;
				INFOPLIST_KEY_NSHumanReadableCopyright = "";
				IPHONEOS_DEPLOYMENT_TARGET = 18.0;
				LD_RUNPATH_SEARCH_PATHS = (
					"$(inherited)",
					"@executable_path/Frameworks",
					"@executable_path/../../Frameworks",
				);
				MARKETING_VERSION = 1.0;
				PRODUCT_BUNDLE_IDENTIFIER = com.asanogenki.TaskMaster.TaskMasterWidget;
				PRODUCT_NAME = "$(TARGET_NAME)";
				SKIP_INSTALL = YES;
				SUPPORTED_PLATFORMS = "iphoneos iphonesimulator";
				SUPPORTS_MACCATALYST = NO;
				SUPPORTS_XR_DESIGNED_FOR_IPHONE_IPAD = NO;
				SWIFT_EMIT_LOC_STRINGS = YES;
				SWIFT_VERSION = 5.0;
				TARGETED_DEVICE_FAMILY = "1,2";
			};
			name = Release;
		};
		4AD8BBFA2CA13C0D00EC9261 /* Debug */ = {
			isa = XCBuildConfiguration;
			buildSettings = {
				CODE_SIGN_STYLE = Automatic;
				CURRENT_PROJECT_VERSION = 1;
				DEVELOPMENT_TEAM = 4J8L2WD7VW;
				GENERATE_INFOPLIST_FILE = YES;
				IPHONEOS_DEPLOYMENT_TARGET = 17.5;
				MARKETING_VERSION = 1.0;
				PRODUCT_BUNDLE_IDENTIFIER = com.asanogenki.TaskMasterUITests;
				PRODUCT_NAME = "$(TARGET_NAME)";
				SUPPORTED_PLATFORMS = "iphoneos iphonesimulator";
				SUPPORTS_MACCATALYST = YES;
				SUPPORTS_XR_DESIGNED_FOR_IPHONE_IPAD = NO;
				SWIFT_EMIT_LOC_STRINGS = NO;
				SWIFT_VERSION = 5.0;
				TARGETED_DEVICE_FAMILY = "1,2";
				TEST_TARGET_NAME = TaskMaster;
			};
			name = Debug;
		};
		4AD8BBFB2CA13C0D00EC9261 /* Release */ = {
			isa = XCBuildConfiguration;
			buildSettings = {
				CODE_SIGN_STYLE = Automatic;
				CURRENT_PROJECT_VERSION = 1;
				DEVELOPMENT_TEAM = 4J8L2WD7VW;
				GENERATE_INFOPLIST_FILE = YES;
				IPHONEOS_DEPLOYMENT_TARGET = 17.5;
				MARKETING_VERSION = 1.0;
				PRODUCT_BUNDLE_IDENTIFIER = com.asanogenki.TaskMasterUITests;
				PRODUCT_NAME = "$(TARGET_NAME)";
				SUPPORTED_PLATFORMS = "iphoneos iphonesimulator";
				SUPPORTS_MACCATALYST = YES;
				SUPPORTS_XR_DESIGNED_FOR_IPHONE_IPAD = NO;
				SWIFT_EMIT_LOC_STRINGS = NO;
				SWIFT_VERSION = 5.0;
				TARGETED_DEVICE_FAMILY = "1,2";
				TEST_TARGET_NAME = TaskMaster;
			};
			name = Release;
		};
/* End XCBuildConfiguration section */

/* Begin XCConfigurationList section */
		4A4EE19E2CA1043E00821FB0 /* Build configuration list for PBXNativeTarget "TaskMasterTests" */ = {
			isa = XCConfigurationList;
			buildConfigurations = (
				4A4EE19C2CA1043E00821FB0 /* Debug */,
				4A4EE19D2CA1043E00821FB0 /* Release */,
			);
			defaultConfigurationIsVisible = 0;
			defaultConfigurationName = Release;
		};
		4A69F85E2C9FBFF2004B777E /* Build configuration list for PBXProject "TaskMaster" */ = {
			isa = XCConfigurationList;
			buildConfigurations = (
				4A69F86F2C9FBFF4004B777E /* Debug */,
				4A69F8702C9FBFF4004B777E /* Release */,
			);
			defaultConfigurationIsVisible = 0;
			defaultConfigurationName = Release;
		};
		4A69F8712C9FBFF4004B777E /* Build configuration list for PBXNativeTarget "TaskMaster" */ = {
			isa = XCConfigurationList;
			buildConfigurations = (
				4A69F8722C9FBFF4004B777E /* Debug */,
				4A69F8732C9FBFF4004B777E /* Release */,
			);
			defaultConfigurationIsVisible = 0;
			defaultConfigurationName = Release;
		};
		4AA3E29F2CA585C5000F0B1B /* Build configuration list for PBXNativeTarget "TaskMasterWidgetMacBundleExtension" */ = {
			isa = XCConfigurationList;
			buildConfigurations = (
				4AA3E2A02CA585C5000F0B1B /* Debug */,
				4AA3E2A12CA585C5000F0B1B /* Release */,
			);
			defaultConfigurationIsVisible = 0;
			defaultConfigurationName = Release;
		};
		4AB240102CA45362003C113E /* Build configuration list for PBXNativeTarget "TaskMasterWidgetExtension" */ = {
			isa = XCConfigurationList;
			buildConfigurations = (
				4AB240112CA45362003C113E /* Debug */,
				4AB240122CA45362003C113E /* Release */,
			);
			defaultConfigurationIsVisible = 0;
			defaultConfigurationName = Release;
		};
		4AD8BBFC2CA13C0D00EC9261 /* Build configuration list for PBXNativeTarget "TaskMasterUITests" */ = {
			isa = XCConfigurationList;
			buildConfigurations = (
				4AD8BBFA2CA13C0D00EC9261 /* Debug */,
				4AD8BBFB2CA13C0D00EC9261 /* Release */,
			);
			defaultConfigurationIsVisible = 0;
			defaultConfigurationName = Release;
		};
/* End XCConfigurationList section */

/* Begin XCVersionGroup section */
		4AFD2CB62C9FC3C90005B4F0 /* Main.xcdatamodeld */ = {
			isa = XCVersionGroup;
			children = (
				4AFD2CB72C9FC3C90005B4F0 /* Main.xcdatamodel */,
			);
			currentVersion = 4AFD2CB72C9FC3C90005B4F0 /* Main.xcdatamodel */;
			path = Main.xcdatamodeld;
			sourceTree = "<group>";
			versionGroupType = wrapper.xcdatamodel;
		};
/* End XCVersionGroup section */
	};
	rootObject = 4A69F85B2C9FBFF2004B777E /* Project object */;
}
